
Microsoft Visual Studio Solution File, Format Version 12.00
# Visual Studio 15
VisualStudioVersion = 15.0.27130.2027
MinimumVisualStudioVersion = 10.0.40219.1
Project("{FAE04EC0-301F-11D3-BF4B-00C04F79EFBC}") = "NETTutorials", "NETTutorials\NETTutorials.csproj", "{29A4AB23-51E5-4629-AFF8-3184C6B5E192}"
EndProject
Project("{2150E333-8FDC-42A3-9474-1A3956D46DE8}") = "CSharp", "CSharp", "{F8BD6D59-4B2C-404F-B40A-C0D86640C53C}"
EndProject
Project("{FAE04EC0-301F-11D3-BF4B-00C04F79EFBC}") = "UsingStatement", "CSharp\UsingStatement\UsingStatement.csproj", "{77B1AB7C-9F3F-4702-B6DA-B8ED6E3FF07A}"
EndProject
Project("{FAE04EC0-301F-11D3-BF4B-00C04F79EFBC}") = "Linq", "CSharp\Linq\Linq.csproj", "{E95A011D-5D50-43B2-B5A3-72C12C9AD3A5}"
EndProject
Project("{FAE04EC0-301F-11D3-BF4B-00C04F79EFBC}") = "ListAndCollection", "CSharp\ListAndCollection\ListAndCollection.csproj", "{66620B5B-DF5F-4F2B-9F89-AC9D876CD979}"
EndProject
Project("{FAE04EC0-301F-11D3-BF4B-00C04F79EFBC}") = "Reflaction", "CSharp\Reflaction\Reflaction.csproj", "{89CF1612-B7CB-41E2-AAFA-0C796CC401F5}"
EndProject
Project("{FAE04EC0-301F-11D3-BF4B-00C04F79EFBC}") = "GarbageCollector", "CSharp\GarbageCollector\GarbageCollector.csproj", "{43C84676-0D3D-4ECB-AA43-4D00417F1917}"
EndProject
Project("{FAE04EC0-301F-11D3-BF4B-00C04F79EFBC}") = "Validation", "CSharp\Validation\Validation.csproj", "{06102268-EEE4-43F7-A9E4-784CBF949B7C}"
EndProject
Project("{FAE04EC0-301F-11D3-BF4B-00C04F79EFBC}") = "Performance", "CSharp\Performance\Performance.csproj", "{B57F1D66-F3DB-490D-813B-CD898EBE982C}"
EndProject
Project("{FAE04EC0-301F-11D3-BF4B-00C04F79EFBC}") = "EntityFramework", "CSharp\EntityFramework\EntityFramework.csproj", "{A7315A1D-D92B-416A-BEB3-0D4754DF217D}"
EndProject
Project("{FAE04EC0-301F-11D3-BF4B-00C04F79EFBC}") = "Thread", "CSharp\Thread\Thread.csproj", "{F5F56E9D-F125-4466-892A-BA83EBF2E9AA}"
EndProject
Project("{FAE04EC0-301F-11D3-BF4B-00C04F79EFBC}") = "Tasks", "CSharp\Tasks\Tasks.csproj", "{0722C994-BE22-49D1-8B89-FC0F7524F8D0}"
EndProject
Project("{FAE04EC0-301F-11D3-BF4B-00C04F79EFBC}") = "Parallels", "CSharp\Parallels\Parallels.csproj", "{B5D66CF8-10B1-4ED0-82F4-A920149CA818}"
EndProject
Project("{FAE04EC0-301F-11D3-BF4B-00C04F79EFBC}") = "AsyncAwaitForm", "CSharp\AsyncAwaitForm\AsyncAwaitForm.csproj", "{AF45A267-5A4C-4B8C-A409-1073A5BB9F5A}"
EndProject
Project("{FAE04EC0-301F-11D3-BF4B-00C04F79EFBC}") = "ThreadSynchronization", "CSharp\ThreadSynchronization\ThreadSynchronization.csproj", "{3B151307-8268-4288-8215-BEDB4D69F4A0}"
EndProject
Project("{FAE04EC0-301F-11D3-BF4B-00C04F79EFBC}") = "EventForm", "CSharp\EventForm\EventForm.csproj", "{868EF395-43E7-4E01-9467-99645A9D3C80}"
EndProject
Project("{FAE04EC0-301F-11D3-BF4B-00C04F79EFBC}") = "Exceptions", "CSharp\Exceptions\Exceptions.csproj", "{FED66659-460F-4961-B5F3-D7459A09280F}"
EndProject
Project("{FAE04EC0-301F-11D3-BF4B-00C04F79EFBC}") = "ProgramFlow", "CSharp\ProgramFlow\ProgramFlow.csproj", "{4F099F63-0FB3-4527-8487-840F65E664FE}"
EndProject
Project("{FAE04EC0-301F-11D3-BF4B-00C04F79EFBC}") = "InterfaceEnumerable", "CSharp\InterfaceEnumerable\InterfaceEnumerable.csproj", "{CB2AAF86-95A6-46BD-9101-2A1814BF7E49}"
EndProject
Project("{FAE04EC0-301F-11D3-BF4B-00C04F79EFBC}") = "InterfaceFormattable", "CSharp\InterfaceFormattable\InterfaceFormattable.csproj", "{E3A81DC1-CAC0-41DC-ACC9-D8DE280BD3F6}"
EndProject
Project("{FAE04EC0-301F-11D3-BF4B-00C04F79EFBC}") = "StopwatchClass", "CSharp\StopwatchClass\StopwatchClass.csproj", "{8D854394-DD41-4EC3-8BF6-25EB08729EEA}"
EndProject
Project("{FAE04EC0-301F-11D3-BF4B-00C04F79EFBC}") = "Properties", "CSharp\Properties\Properties.csproj", "{74B8D80D-387E-4659-A713-6BE40D4F8F15}"
EndProject
Project("{FAE04EC0-301F-11D3-BF4B-00C04F79EFBC}") = "StringFormat", "CSharp\StringFormat\StringFormat.csproj", "{78FFA0AD-A718-4101-8F91-00525A6CC638}"
EndProject
Project("{FAE04EC0-301F-11D3-BF4B-00C04F79EFBC}") = "InterfaceEnumerator", "CSharp\InterfaceEnumerator\InterfaceEnumerator.csproj", "{72169EF1-7405-4966-AA53-CF46BB9ADA1C}"
EndProject
Project("{2150E333-8FDC-42A3-9474-1A3956D46DE8}") = "UniversalWindows", "UniversalWindows", "{08B1BDAD-E6BF-4535-8758-12BEE564D99C}"
	ProjectSection(SolutionItems) = preProject
		Base.Tests.Unit\InterfaceComparableTest.cs = Base.Tests.Unit\InterfaceComparableTest.cs
	EndProjectSection
EndProject
Project("{FAE04EC0-301F-11D3-BF4B-00C04F79EFBC}") = "HelloWorld", "UniversalWindows\HelloWorld\HelloWorld.csproj", "{ECCCA22A-A483-49A2-9ED1-8083C7D12577}"
EndProject
Project("{2150E333-8FDC-42A3-9474-1A3956D46DE8}") = "WPF", "WPF", "{2670B09E-680E-4095-A3D5-4F16539E4C55}"
EndProject
Project("{FAE04EC0-301F-11D3-BF4B-00C04F79EFBC}") = "SampleMVVM", "WPF\SampleMVVM\SampleMVVM.csproj", "{FBA4A94B-8488-4D7A-A3F2-77903FDB8A6D}"
EndProject
Project("{FAE04EC0-301F-11D3-BF4B-00C04F79EFBC}") = "SQLite", "CSharp\SQLite\SQLite.csproj", "{0E9A0B3D-05AF-49BD-93CC-33BCB2F22AE5}"
EndProject
Project("{2150E333-8FDC-42A3-9474-1A3956D46DE8}") = "Pattern", "Pattern", "{717382B5-A071-4D97-8994-9A9E7C6D2A6E}"
EndProject
Project("{FAE04EC0-301F-11D3-BF4B-00C04F79EFBC}") = "Command", "Pattern\Command\Command.csproj", "{0639D6A0-15EB-4AA6-AA31-4EBA11881D32}"
EndProject
Project("{FAE04EC0-301F-11D3-BF4B-00C04F79EFBC}") = "Singleton", "Pattern\Singleton\Singleton.csproj", "{F4628665-A3A1-4F5A-963F-06221FA1689B}"
EndProject
Project("{FAE04EC0-301F-11D3-BF4B-00C04F79EFBC}") = "InfluxDB", "CSharp\InfluxDB\InfluxDB.csproj", "{7F942A35-F1C1-4E3F-B038-C77293558A11}"
EndProject
Project("{FAE04EC0-301F-11D3-BF4B-00C04F79EFBC}") = "VarTest", "CSharp\VarTest\VarTest.csproj", "{181716C4-1125-4D4D-B30D-D4376A90BDE0}"
EndProject
Project("{FAE04EC0-301F-11D3-BF4B-00C04F79EFBC}") = "Base.Tests.Unit", "Base.Tests.Unit\Base.Tests.Unit.csproj", "{2E4E02FD-A7F7-4234-9486-085621118FED}"
EndProject
Project("{FAE04EC0-301F-11D3-BF4B-00C04F79EFBC}") = "Base.Tests.Performance", "Base.Tests.Performance\Base.Tests.Performance.csproj", "{91E13920-7AB6-4313-ADD1-2B445710C52A}"
EndProject
Project("{FAE04EC0-301F-11D3-BF4B-00C04F79EFBC}") = "Arrays.Tests.Performance", "Arrays.Tests.Performance\Arrays.Tests.Performance.csproj", "{A56A3A04-207B-419F-A07A-32F598D65FD9}"
EndProject
Project("{FAE04EC0-301F-11D3-BF4B-00C04F79EFBC}") = "StringBuilder.Tests.Performance", "StringBuilder.Tests.Performance\StringBuilder.Tests.Performance.csproj", "{114C1B10-6CB6-4D2A-B354-5AF6593E0A37}"
EndProject
Project("{2150E333-8FDC-42A3-9474-1A3956D46DE8}") = "WCF", "WCF", "{3809FBD0-40F8-4D79-8D97-953CA2B68BF2}"
EndProject
Project("{FAE04EC0-301F-11D3-BF4B-00C04F79EFBC}") = "WcfServiceLibrary", "WCF\WcfServiceLibrary\WcfServiceLibrary.csproj", "{47A4C5F8-A24B-457A-9339-401BE25764DB}"
EndProject
Project("{FAE04EC0-301F-11D3-BF4B-00C04F79EFBC}") = "WcfConsoleServer", "WCF\WcfConsoleServer\WcfConsoleServer.csproj", "{7B649533-49B4-40F5-81C3-09E26ECF7607}"
EndProject
Project("{FAE04EC0-301F-11D3-BF4B-00C04F79EFBC}") = "WcfWindowsClient", "WCF\WcfWindowsClient\WcfWindowsClient.csproj", "{6EFCE426-DA47-4AEF-B121-FBB1C2551F4C}"
EndProject
Project("{2150E333-8FDC-42A3-9474-1A3956D46DE8}") = "VsInstaller", "VsInstaller", "{DE91EEE9-1F75-40EA-AF6F-523DC4071FA1}"
EndProject
Project("{54435603-DBB4-11D2-8724-00A0C9A8B90C}") = "Setup", "Setup1\Setup1.vdproj", "{55695932-E90C-42D7-BA21-236ED290F6FD}"
EndProject
Project("{FAE04EC0-301F-11D3-BF4B-00C04F79EFBC}") = "DummyApp", "VsInstaller\DummyApp\DummyApp.csproj", "{716AAE3C-CDA4-4211-8D5A-9D27B0FDB92F}"
EndProject
Project("{2150E333-8FDC-42A3-9474-1A3956D46DE8}") = "Excel", "Excel", "{73B77B22-3C31-4BB9-9EEB-0BA16304213D}"
EndProject
Project("{FAE04EC0-301F-11D3-BF4B-00C04F79EFBC}") = "HelloExcel2", "Excel\HelloExcel\HelloExcel2.csproj", "{77048AC5-67C2-4369-8882-EA611A98F33C}"
EndProject
Project("{FAE04EC0-301F-11D3-BF4B-00C04F79EFBC}") = "ExcelUdf", "Excel\ExcelUdf\ExcelUdf.csproj", "{99F6699E-E877-49FB-8E24-1E3EDF63542D}"
EndProject
Project("{FAE04EC0-301F-11D3-BF4B-00C04F79EFBC}") = "ExcelDnaLibrary", "Excel\ExcelDnaLibrary\ExcelDnaLibrary.csproj", "{5F54544F-732D-4D79-9AF3-009F198DBF35}"
EndProject
Project("{FAE04EC0-301F-11D3-BF4B-00C04F79EFBC}") = "OpenXml", "Excel\OpenXml\OpenXml.csproj", "{AEF0A491-72FA-478B-B9B2-8D1DA2F9B3AD}"
EndProject
Project("{2150E333-8FDC-42A3-9474-1A3956D46DE8}") = "QA", "QA", "{A112AEBB-D6A1-435D-B80D-886C2AD0395E}"
EndProject
Project("{FAE04EC0-301F-11D3-BF4B-00C04F79EFBC}") = "SeleniumConsole", "QA\SeleniumConsole\SeleniumConsole.csproj", "{8528534C-BD4C-4D59-B6CC-5418AE05E724}"
EndProject
Project("{2150E333-8FDC-42A3-9474-1A3956D46DE8}") = "IoC", "IoC", "{CE42B496-7414-450F-8674-6D0753427EEE}"
EndProject
Project("{FAE04EC0-301F-11D3-BF4B-00C04F79EFBC}") = "Unity", "IoC\Unity\Unity.csproj", "{A7A59293-5B67-4373-A9B3-E023661B46DC}"
EndProject
Project("{2150E333-8FDC-42A3-9474-1A3956D46DE8}") = "RichterJeffrey", "RichterJeffrey", "{625CCFFD-176D-4DF0-880E-398732E2E2F1}"
EndProject
Project("{FAE04EC0-301F-11D3-BF4B-00C04F79EFBC}") = "RichterJeffreyCode", "RichterJeffrey\RichterJeffreyCode\RichterJeffreyCode.csproj", "{C76947FB-530A-400F-8E5B-01D6196BAA7E}"
EndProject
Global
	GlobalSection(SolutionConfigurationPlatforms) = preSolution
		Debug|Any CPU = Debug|Any CPU
		Debug|ARM = Debug|ARM
		Debug|x64 = Debug|x64
		Debug|x86 = Debug|x86
		Release|Any CPU = Release|Any CPU
		Release|ARM = Release|ARM
		Release|x64 = Release|x64
		Release|x86 = Release|x86
	EndGlobalSection
	GlobalSection(ProjectConfigurationPlatforms) = postSolution
		{29A4AB23-51E5-4629-AFF8-3184C6B5E192}.Debug|Any CPU.ActiveCfg = Debug|Any CPU
		{29A4AB23-51E5-4629-AFF8-3184C6B5E192}.Debug|Any CPU.Build.0 = Debug|Any CPU
		{29A4AB23-51E5-4629-AFF8-3184C6B5E192}.Debug|ARM.ActiveCfg = Debug|Any CPU
		{29A4AB23-51E5-4629-AFF8-3184C6B5E192}.Debug|ARM.Build.0 = Debug|Any CPU
		{29A4AB23-51E5-4629-AFF8-3184C6B5E192}.Debug|x64.ActiveCfg = Debug|Any CPU
		{29A4AB23-51E5-4629-AFF8-3184C6B5E192}.Debug|x64.Build.0 = Debug|Any CPU
		{29A4AB23-51E5-4629-AFF8-3184C6B5E192}.Debug|x86.ActiveCfg = Debug|Any CPU
		{29A4AB23-51E5-4629-AFF8-3184C6B5E192}.Debug|x86.Build.0 = Debug|Any CPU
		{29A4AB23-51E5-4629-AFF8-3184C6B5E192}.Release|Any CPU.ActiveCfg = Release|Any CPU
		{29A4AB23-51E5-4629-AFF8-3184C6B5E192}.Release|Any CPU.Build.0 = Release|Any CPU
		{29A4AB23-51E5-4629-AFF8-3184C6B5E192}.Release|ARM.ActiveCfg = Release|Any CPU
		{29A4AB23-51E5-4629-AFF8-3184C6B5E192}.Release|ARM.Build.0 = Release|Any CPU
		{29A4AB23-51E5-4629-AFF8-3184C6B5E192}.Release|x64.ActiveCfg = Release|Any CPU
		{29A4AB23-51E5-4629-AFF8-3184C6B5E192}.Release|x64.Build.0 = Release|Any CPU
		{29A4AB23-51E5-4629-AFF8-3184C6B5E192}.Release|x86.ActiveCfg = Release|Any CPU
		{29A4AB23-51E5-4629-AFF8-3184C6B5E192}.Release|x86.Build.0 = Release|Any CPU
		{77B1AB7C-9F3F-4702-B6DA-B8ED6E3FF07A}.Debug|Any CPU.ActiveCfg = Debug|Any CPU
		{77B1AB7C-9F3F-4702-B6DA-B8ED6E3FF07A}.Debug|Any CPU.Build.0 = Debug|Any CPU
		{77B1AB7C-9F3F-4702-B6DA-B8ED6E3FF07A}.Debug|ARM.ActiveCfg = Debug|Any CPU
		{77B1AB7C-9F3F-4702-B6DA-B8ED6E3FF07A}.Debug|ARM.Build.0 = Debug|Any CPU
		{77B1AB7C-9F3F-4702-B6DA-B8ED6E3FF07A}.Debug|x64.ActiveCfg = Debug|Any CPU
		{77B1AB7C-9F3F-4702-B6DA-B8ED6E3FF07A}.Debug|x64.Build.0 = Debug|Any CPU
		{77B1AB7C-9F3F-4702-B6DA-B8ED6E3FF07A}.Debug|x86.ActiveCfg = Debug|Any CPU
		{77B1AB7C-9F3F-4702-B6DA-B8ED6E3FF07A}.Debug|x86.Build.0 = Debug|Any CPU
		{77B1AB7C-9F3F-4702-B6DA-B8ED6E3FF07A}.Release|Any CPU.ActiveCfg = Release|Any CPU
		{77B1AB7C-9F3F-4702-B6DA-B8ED6E3FF07A}.Release|Any CPU.Build.0 = Release|Any CPU
		{77B1AB7C-9F3F-4702-B6DA-B8ED6E3FF07A}.Release|ARM.ActiveCfg = Release|Any CPU
		{77B1AB7C-9F3F-4702-B6DA-B8ED6E3FF07A}.Release|ARM.Build.0 = Release|Any CPU
		{77B1AB7C-9F3F-4702-B6DA-B8ED6E3FF07A}.Release|x64.ActiveCfg = Release|Any CPU
		{77B1AB7C-9F3F-4702-B6DA-B8ED6E3FF07A}.Release|x64.Build.0 = Release|Any CPU
		{77B1AB7C-9F3F-4702-B6DA-B8ED6E3FF07A}.Release|x86.ActiveCfg = Release|Any CPU
		{77B1AB7C-9F3F-4702-B6DA-B8ED6E3FF07A}.Release|x86.Build.0 = Release|Any CPU
		{E95A011D-5D50-43B2-B5A3-72C12C9AD3A5}.Debug|Any CPU.ActiveCfg = Debug|Any CPU
		{E95A011D-5D50-43B2-B5A3-72C12C9AD3A5}.Debug|Any CPU.Build.0 = Debug|Any CPU
		{E95A011D-5D50-43B2-B5A3-72C12C9AD3A5}.Debug|ARM.ActiveCfg = Debug|Any CPU
		{E95A011D-5D50-43B2-B5A3-72C12C9AD3A5}.Debug|ARM.Build.0 = Debug|Any CPU
		{E95A011D-5D50-43B2-B5A3-72C12C9AD3A5}.Debug|x64.ActiveCfg = Debug|Any CPU
		{E95A011D-5D50-43B2-B5A3-72C12C9AD3A5}.Debug|x64.Build.0 = Debug|Any CPU
		{E95A011D-5D50-43B2-B5A3-72C12C9AD3A5}.Debug|x86.ActiveCfg = Debug|Any CPU
		{E95A011D-5D50-43B2-B5A3-72C12C9AD3A5}.Debug|x86.Build.0 = Debug|Any CPU
		{E95A011D-5D50-43B2-B5A3-72C12C9AD3A5}.Release|Any CPU.ActiveCfg = Release|Any CPU
		{E95A011D-5D50-43B2-B5A3-72C12C9AD3A5}.Release|Any CPU.Build.0 = Release|Any CPU
		{E95A011D-5D50-43B2-B5A3-72C12C9AD3A5}.Release|ARM.ActiveCfg = Release|Any CPU
		{E95A011D-5D50-43B2-B5A3-72C12C9AD3A5}.Release|ARM.Build.0 = Release|Any CPU
		{E95A011D-5D50-43B2-B5A3-72C12C9AD3A5}.Release|x64.ActiveCfg = Release|Any CPU
		{E95A011D-5D50-43B2-B5A3-72C12C9AD3A5}.Release|x64.Build.0 = Release|Any CPU
		{E95A011D-5D50-43B2-B5A3-72C12C9AD3A5}.Release|x86.ActiveCfg = Release|Any CPU
		{E95A011D-5D50-43B2-B5A3-72C12C9AD3A5}.Release|x86.Build.0 = Release|Any CPU
		{66620B5B-DF5F-4F2B-9F89-AC9D876CD979}.Debug|Any CPU.ActiveCfg = Debug|Any CPU
		{66620B5B-DF5F-4F2B-9F89-AC9D876CD979}.Debug|Any CPU.Build.0 = Debug|Any CPU
		{66620B5B-DF5F-4F2B-9F89-AC9D876CD979}.Debug|ARM.ActiveCfg = Debug|Any CPU
		{66620B5B-DF5F-4F2B-9F89-AC9D876CD979}.Debug|ARM.Build.0 = Debug|Any CPU
		{66620B5B-DF5F-4F2B-9F89-AC9D876CD979}.Debug|x64.ActiveCfg = Debug|Any CPU
		{66620B5B-DF5F-4F2B-9F89-AC9D876CD979}.Debug|x64.Build.0 = Debug|Any CPU
		{66620B5B-DF5F-4F2B-9F89-AC9D876CD979}.Debug|x86.ActiveCfg = Debug|Any CPU
		{66620B5B-DF5F-4F2B-9F89-AC9D876CD979}.Debug|x86.Build.0 = Debug|Any CPU
		{66620B5B-DF5F-4F2B-9F89-AC9D876CD979}.Release|Any CPU.ActiveCfg = Release|Any CPU
		{66620B5B-DF5F-4F2B-9F89-AC9D876CD979}.Release|Any CPU.Build.0 = Release|Any CPU
		{66620B5B-DF5F-4F2B-9F89-AC9D876CD979}.Release|ARM.ActiveCfg = Release|Any CPU
		{66620B5B-DF5F-4F2B-9F89-AC9D876CD979}.Release|ARM.Build.0 = Release|Any CPU
		{66620B5B-DF5F-4F2B-9F89-AC9D876CD979}.Release|x64.ActiveCfg = Release|Any CPU
		{66620B5B-DF5F-4F2B-9F89-AC9D876CD979}.Release|x64.Build.0 = Release|Any CPU
		{66620B5B-DF5F-4F2B-9F89-AC9D876CD979}.Release|x86.ActiveCfg = Release|Any CPU
		{66620B5B-DF5F-4F2B-9F89-AC9D876CD979}.Release|x86.Build.0 = Release|Any CPU
		{89CF1612-B7CB-41E2-AAFA-0C796CC401F5}.Debug|Any CPU.ActiveCfg = Debug|Any CPU
		{89CF1612-B7CB-41E2-AAFA-0C796CC401F5}.Debug|Any CPU.Build.0 = Debug|Any CPU
		{89CF1612-B7CB-41E2-AAFA-0C796CC401F5}.Debug|ARM.ActiveCfg = Debug|Any CPU
		{89CF1612-B7CB-41E2-AAFA-0C796CC401F5}.Debug|ARM.Build.0 = Debug|Any CPU
		{89CF1612-B7CB-41E2-AAFA-0C796CC401F5}.Debug|x64.ActiveCfg = Debug|Any CPU
		{89CF1612-B7CB-41E2-AAFA-0C796CC401F5}.Debug|x64.Build.0 = Debug|Any CPU
		{89CF1612-B7CB-41E2-AAFA-0C796CC401F5}.Debug|x86.ActiveCfg = Debug|Any CPU
		{89CF1612-B7CB-41E2-AAFA-0C796CC401F5}.Debug|x86.Build.0 = Debug|Any CPU
		{89CF1612-B7CB-41E2-AAFA-0C796CC401F5}.Release|Any CPU.ActiveCfg = Release|Any CPU
		{89CF1612-B7CB-41E2-AAFA-0C796CC401F5}.Release|Any CPU.Build.0 = Release|Any CPU
		{89CF1612-B7CB-41E2-AAFA-0C796CC401F5}.Release|ARM.ActiveCfg = Release|Any CPU
		{89CF1612-B7CB-41E2-AAFA-0C796CC401F5}.Release|ARM.Build.0 = Release|Any CPU
		{89CF1612-B7CB-41E2-AAFA-0C796CC401F5}.Release|x64.ActiveCfg = Release|Any CPU
		{89CF1612-B7CB-41E2-AAFA-0C796CC401F5}.Release|x64.Build.0 = Release|Any CPU
		{89CF1612-B7CB-41E2-AAFA-0C796CC401F5}.Release|x86.ActiveCfg = Release|Any CPU
		{89CF1612-B7CB-41E2-AAFA-0C796CC401F5}.Release|x86.Build.0 = Release|Any CPU
		{43C84676-0D3D-4ECB-AA43-4D00417F1917}.Debug|Any CPU.ActiveCfg = Debug|Any CPU
		{43C84676-0D3D-4ECB-AA43-4D00417F1917}.Debug|Any CPU.Build.0 = Debug|Any CPU
		{43C84676-0D3D-4ECB-AA43-4D00417F1917}.Debug|ARM.ActiveCfg = Debug|Any CPU
		{43C84676-0D3D-4ECB-AA43-4D00417F1917}.Debug|ARM.Build.0 = Debug|Any CPU
		{43C84676-0D3D-4ECB-AA43-4D00417F1917}.Debug|x64.ActiveCfg = Debug|Any CPU
		{43C84676-0D3D-4ECB-AA43-4D00417F1917}.Debug|x64.Build.0 = Debug|Any CPU
		{43C84676-0D3D-4ECB-AA43-4D00417F1917}.Debug|x86.ActiveCfg = Debug|Any CPU
		{43C84676-0D3D-4ECB-AA43-4D00417F1917}.Debug|x86.Build.0 = Debug|Any CPU
		{43C84676-0D3D-4ECB-AA43-4D00417F1917}.Release|Any CPU.ActiveCfg = Release|Any CPU
		{43C84676-0D3D-4ECB-AA43-4D00417F1917}.Release|Any CPU.Build.0 = Release|Any CPU
		{43C84676-0D3D-4ECB-AA43-4D00417F1917}.Release|ARM.ActiveCfg = Release|Any CPU
		{43C84676-0D3D-4ECB-AA43-4D00417F1917}.Release|ARM.Build.0 = Release|Any CPU
		{43C84676-0D3D-4ECB-AA43-4D00417F1917}.Release|x64.ActiveCfg = Release|Any CPU
		{43C84676-0D3D-4ECB-AA43-4D00417F1917}.Release|x64.Build.0 = Release|Any CPU
		{43C84676-0D3D-4ECB-AA43-4D00417F1917}.Release|x86.ActiveCfg = Release|Any CPU
		{43C84676-0D3D-4ECB-AA43-4D00417F1917}.Release|x86.Build.0 = Release|Any CPU
		{06102268-EEE4-43F7-A9E4-784CBF949B7C}.Debug|Any CPU.ActiveCfg = Debug|Any CPU
		{06102268-EEE4-43F7-A9E4-784CBF949B7C}.Debug|Any CPU.Build.0 = Debug|Any CPU
		{06102268-EEE4-43F7-A9E4-784CBF949B7C}.Debug|ARM.ActiveCfg = Debug|Any CPU
		{06102268-EEE4-43F7-A9E4-784CBF949B7C}.Debug|ARM.Build.0 = Debug|Any CPU
		{06102268-EEE4-43F7-A9E4-784CBF949B7C}.Debug|x64.ActiveCfg = Debug|Any CPU
		{06102268-EEE4-43F7-A9E4-784CBF949B7C}.Debug|x64.Build.0 = Debug|Any CPU
		{06102268-EEE4-43F7-A9E4-784CBF949B7C}.Debug|x86.ActiveCfg = Debug|Any CPU
		{06102268-EEE4-43F7-A9E4-784CBF949B7C}.Debug|x86.Build.0 = Debug|Any CPU
		{06102268-EEE4-43F7-A9E4-784CBF949B7C}.Release|Any CPU.ActiveCfg = Release|Any CPU
		{06102268-EEE4-43F7-A9E4-784CBF949B7C}.Release|Any CPU.Build.0 = Release|Any CPU
		{06102268-EEE4-43F7-A9E4-784CBF949B7C}.Release|ARM.ActiveCfg = Release|Any CPU
		{06102268-EEE4-43F7-A9E4-784CBF949B7C}.Release|ARM.Build.0 = Release|Any CPU
		{06102268-EEE4-43F7-A9E4-784CBF949B7C}.Release|x64.ActiveCfg = Release|Any CPU
		{06102268-EEE4-43F7-A9E4-784CBF949B7C}.Release|x64.Build.0 = Release|Any CPU
		{06102268-EEE4-43F7-A9E4-784CBF949B7C}.Release|x86.ActiveCfg = Release|Any CPU
		{06102268-EEE4-43F7-A9E4-784CBF949B7C}.Release|x86.Build.0 = Release|Any CPU
		{B57F1D66-F3DB-490D-813B-CD898EBE982C}.Debug|Any CPU.ActiveCfg = Debug|Any CPU
		{B57F1D66-F3DB-490D-813B-CD898EBE982C}.Debug|Any CPU.Build.0 = Debug|Any CPU
		{B57F1D66-F3DB-490D-813B-CD898EBE982C}.Debug|ARM.ActiveCfg = Debug|Any CPU
		{B57F1D66-F3DB-490D-813B-CD898EBE982C}.Debug|ARM.Build.0 = Debug|Any CPU
		{B57F1D66-F3DB-490D-813B-CD898EBE982C}.Debug|x64.ActiveCfg = Debug|Any CPU
		{B57F1D66-F3DB-490D-813B-CD898EBE982C}.Debug|x64.Build.0 = Debug|Any CPU
		{B57F1D66-F3DB-490D-813B-CD898EBE982C}.Debug|x86.ActiveCfg = Debug|Any CPU
		{B57F1D66-F3DB-490D-813B-CD898EBE982C}.Debug|x86.Build.0 = Debug|Any CPU
		{B57F1D66-F3DB-490D-813B-CD898EBE982C}.Release|Any CPU.ActiveCfg = Release|Any CPU
		{B57F1D66-F3DB-490D-813B-CD898EBE982C}.Release|Any CPU.Build.0 = Release|Any CPU
		{B57F1D66-F3DB-490D-813B-CD898EBE982C}.Release|ARM.ActiveCfg = Release|Any CPU
		{B57F1D66-F3DB-490D-813B-CD898EBE982C}.Release|ARM.Build.0 = Release|Any CPU
		{B57F1D66-F3DB-490D-813B-CD898EBE982C}.Release|x64.ActiveCfg = Release|Any CPU
		{B57F1D66-F3DB-490D-813B-CD898EBE982C}.Release|x64.Build.0 = Release|Any CPU
		{B57F1D66-F3DB-490D-813B-CD898EBE982C}.Release|x86.ActiveCfg = Release|Any CPU
		{B57F1D66-F3DB-490D-813B-CD898EBE982C}.Release|x86.Build.0 = Release|Any CPU
		{A7315A1D-D92B-416A-BEB3-0D4754DF217D}.Debug|Any CPU.ActiveCfg = Debug|Any CPU
		{A7315A1D-D92B-416A-BEB3-0D4754DF217D}.Debug|Any CPU.Build.0 = Debug|Any CPU
		{A7315A1D-D92B-416A-BEB3-0D4754DF217D}.Debug|ARM.ActiveCfg = Debug|Any CPU
		{A7315A1D-D92B-416A-BEB3-0D4754DF217D}.Debug|ARM.Build.0 = Debug|Any CPU
		{A7315A1D-D92B-416A-BEB3-0D4754DF217D}.Debug|x64.ActiveCfg = Debug|Any CPU
		{A7315A1D-D92B-416A-BEB3-0D4754DF217D}.Debug|x64.Build.0 = Debug|Any CPU
		{A7315A1D-D92B-416A-BEB3-0D4754DF217D}.Debug|x86.ActiveCfg = Debug|Any CPU
		{A7315A1D-D92B-416A-BEB3-0D4754DF217D}.Debug|x86.Build.0 = Debug|Any CPU
		{A7315A1D-D92B-416A-BEB3-0D4754DF217D}.Release|Any CPU.ActiveCfg = Release|Any CPU
		{A7315A1D-D92B-416A-BEB3-0D4754DF217D}.Release|Any CPU.Build.0 = Release|Any CPU
		{A7315A1D-D92B-416A-BEB3-0D4754DF217D}.Release|ARM.ActiveCfg = Release|Any CPU
		{A7315A1D-D92B-416A-BEB3-0D4754DF217D}.Release|ARM.Build.0 = Release|Any CPU
		{A7315A1D-D92B-416A-BEB3-0D4754DF217D}.Release|x64.ActiveCfg = Release|Any CPU
		{A7315A1D-D92B-416A-BEB3-0D4754DF217D}.Release|x64.Build.0 = Release|Any CPU
		{A7315A1D-D92B-416A-BEB3-0D4754DF217D}.Release|x86.ActiveCfg = Release|Any CPU
		{A7315A1D-D92B-416A-BEB3-0D4754DF217D}.Release|x86.Build.0 = Release|Any CPU
		{F5F56E9D-F125-4466-892A-BA83EBF2E9AA}.Debug|Any CPU.ActiveCfg = Debug|Any CPU
		{F5F56E9D-F125-4466-892A-BA83EBF2E9AA}.Debug|Any CPU.Build.0 = Debug|Any CPU
		{F5F56E9D-F125-4466-892A-BA83EBF2E9AA}.Debug|ARM.ActiveCfg = Debug|Any CPU
		{F5F56E9D-F125-4466-892A-BA83EBF2E9AA}.Debug|ARM.Build.0 = Debug|Any CPU
		{F5F56E9D-F125-4466-892A-BA83EBF2E9AA}.Debug|x64.ActiveCfg = Debug|Any CPU
		{F5F56E9D-F125-4466-892A-BA83EBF2E9AA}.Debug|x64.Build.0 = Debug|Any CPU
		{F5F56E9D-F125-4466-892A-BA83EBF2E9AA}.Debug|x86.ActiveCfg = Debug|Any CPU
		{F5F56E9D-F125-4466-892A-BA83EBF2E9AA}.Debug|x86.Build.0 = Debug|Any CPU
		{F5F56E9D-F125-4466-892A-BA83EBF2E9AA}.Release|Any CPU.ActiveCfg = Release|Any CPU
		{F5F56E9D-F125-4466-892A-BA83EBF2E9AA}.Release|Any CPU.Build.0 = Release|Any CPU
		{F5F56E9D-F125-4466-892A-BA83EBF2E9AA}.Release|ARM.ActiveCfg = Release|Any CPU
		{F5F56E9D-F125-4466-892A-BA83EBF2E9AA}.Release|ARM.Build.0 = Release|Any CPU
		{F5F56E9D-F125-4466-892A-BA83EBF2E9AA}.Release|x64.ActiveCfg = Release|Any CPU
		{F5F56E9D-F125-4466-892A-BA83EBF2E9AA}.Release|x64.Build.0 = Release|Any CPU
		{F5F56E9D-F125-4466-892A-BA83EBF2E9AA}.Release|x86.ActiveCfg = Release|Any CPU
		{F5F56E9D-F125-4466-892A-BA83EBF2E9AA}.Release|x86.Build.0 = Release|Any CPU
		{0722C994-BE22-49D1-8B89-FC0F7524F8D0}.Debug|Any CPU.ActiveCfg = Debug|Any CPU
		{0722C994-BE22-49D1-8B89-FC0F7524F8D0}.Debug|Any CPU.Build.0 = Debug|Any CPU
		{0722C994-BE22-49D1-8B89-FC0F7524F8D0}.Debug|ARM.ActiveCfg = Debug|Any CPU
		{0722C994-BE22-49D1-8B89-FC0F7524F8D0}.Debug|ARM.Build.0 = Debug|Any CPU
		{0722C994-BE22-49D1-8B89-FC0F7524F8D0}.Debug|x64.ActiveCfg = Debug|Any CPU
		{0722C994-BE22-49D1-8B89-FC0F7524F8D0}.Debug|x64.Build.0 = Debug|Any CPU
		{0722C994-BE22-49D1-8B89-FC0F7524F8D0}.Debug|x86.ActiveCfg = Debug|Any CPU
		{0722C994-BE22-49D1-8B89-FC0F7524F8D0}.Debug|x86.Build.0 = Debug|Any CPU
		{0722C994-BE22-49D1-8B89-FC0F7524F8D0}.Release|Any CPU.ActiveCfg = Release|Any CPU
		{0722C994-BE22-49D1-8B89-FC0F7524F8D0}.Release|Any CPU.Build.0 = Release|Any CPU
		{0722C994-BE22-49D1-8B89-FC0F7524F8D0}.Release|ARM.ActiveCfg = Release|Any CPU
		{0722C994-BE22-49D1-8B89-FC0F7524F8D0}.Release|ARM.Build.0 = Release|Any CPU
		{0722C994-BE22-49D1-8B89-FC0F7524F8D0}.Release|x64.ActiveCfg = Release|Any CPU
		{0722C994-BE22-49D1-8B89-FC0F7524F8D0}.Release|x64.Build.0 = Release|Any CPU
		{0722C994-BE22-49D1-8B89-FC0F7524F8D0}.Release|x86.ActiveCfg = Release|Any CPU
		{0722C994-BE22-49D1-8B89-FC0F7524F8D0}.Release|x86.Build.0 = Release|Any CPU
		{B5D66CF8-10B1-4ED0-82F4-A920149CA818}.Debug|Any CPU.ActiveCfg = Debug|Any CPU
		{B5D66CF8-10B1-4ED0-82F4-A920149CA818}.Debug|Any CPU.Build.0 = Debug|Any CPU
		{B5D66CF8-10B1-4ED0-82F4-A920149CA818}.Debug|ARM.ActiveCfg = Debug|Any CPU
		{B5D66CF8-10B1-4ED0-82F4-A920149CA818}.Debug|ARM.Build.0 = Debug|Any CPU
		{B5D66CF8-10B1-4ED0-82F4-A920149CA818}.Debug|x64.ActiveCfg = Debug|Any CPU
		{B5D66CF8-10B1-4ED0-82F4-A920149CA818}.Debug|x64.Build.0 = Debug|Any CPU
		{B5D66CF8-10B1-4ED0-82F4-A920149CA818}.Debug|x86.ActiveCfg = Debug|Any CPU
		{B5D66CF8-10B1-4ED0-82F4-A920149CA818}.Debug|x86.Build.0 = Debug|Any CPU
		{B5D66CF8-10B1-4ED0-82F4-A920149CA818}.Release|Any CPU.ActiveCfg = Release|Any CPU
		{B5D66CF8-10B1-4ED0-82F4-A920149CA818}.Release|Any CPU.Build.0 = Release|Any CPU
		{B5D66CF8-10B1-4ED0-82F4-A920149CA818}.Release|ARM.ActiveCfg = Release|Any CPU
		{B5D66CF8-10B1-4ED0-82F4-A920149CA818}.Release|ARM.Build.0 = Release|Any CPU
		{B5D66CF8-10B1-4ED0-82F4-A920149CA818}.Release|x64.ActiveCfg = Release|Any CPU
		{B5D66CF8-10B1-4ED0-82F4-A920149CA818}.Release|x64.Build.0 = Release|Any CPU
		{B5D66CF8-10B1-4ED0-82F4-A920149CA818}.Release|x86.ActiveCfg = Release|Any CPU
		{B5D66CF8-10B1-4ED0-82F4-A920149CA818}.Release|x86.Build.0 = Release|Any CPU
		{AF45A267-5A4C-4B8C-A409-1073A5BB9F5A}.Debug|Any CPU.ActiveCfg = Debug|Any CPU
		{AF45A267-5A4C-4B8C-A409-1073A5BB9F5A}.Debug|Any CPU.Build.0 = Debug|Any CPU
		{AF45A267-5A4C-4B8C-A409-1073A5BB9F5A}.Debug|ARM.ActiveCfg = Debug|Any CPU
		{AF45A267-5A4C-4B8C-A409-1073A5BB9F5A}.Debug|ARM.Build.0 = Debug|Any CPU
		{AF45A267-5A4C-4B8C-A409-1073A5BB9F5A}.Debug|x64.ActiveCfg = Debug|Any CPU
		{AF45A267-5A4C-4B8C-A409-1073A5BB9F5A}.Debug|x64.Build.0 = Debug|Any CPU
		{AF45A267-5A4C-4B8C-A409-1073A5BB9F5A}.Debug|x86.ActiveCfg = Debug|Any CPU
		{AF45A267-5A4C-4B8C-A409-1073A5BB9F5A}.Debug|x86.Build.0 = Debug|Any CPU
		{AF45A267-5A4C-4B8C-A409-1073A5BB9F5A}.Release|Any CPU.ActiveCfg = Release|Any CPU
		{AF45A267-5A4C-4B8C-A409-1073A5BB9F5A}.Release|Any CPU.Build.0 = Release|Any CPU
		{AF45A267-5A4C-4B8C-A409-1073A5BB9F5A}.Release|ARM.ActiveCfg = Release|Any CPU
		{AF45A267-5A4C-4B8C-A409-1073A5BB9F5A}.Release|ARM.Build.0 = Release|Any CPU
		{AF45A267-5A4C-4B8C-A409-1073A5BB9F5A}.Release|x64.ActiveCfg = Release|Any CPU
		{AF45A267-5A4C-4B8C-A409-1073A5BB9F5A}.Release|x64.Build.0 = Release|Any CPU
		{AF45A267-5A4C-4B8C-A409-1073A5BB9F5A}.Release|x86.ActiveCfg = Release|Any CPU
		{AF45A267-5A4C-4B8C-A409-1073A5BB9F5A}.Release|x86.Build.0 = Release|Any CPU
		{3B151307-8268-4288-8215-BEDB4D69F4A0}.Debug|Any CPU.ActiveCfg = Debug|Any CPU
		{3B151307-8268-4288-8215-BEDB4D69F4A0}.Debug|Any CPU.Build.0 = Debug|Any CPU
		{3B151307-8268-4288-8215-BEDB4D69F4A0}.Debug|ARM.ActiveCfg = Debug|Any CPU
		{3B151307-8268-4288-8215-BEDB4D69F4A0}.Debug|ARM.Build.0 = Debug|Any CPU
		{3B151307-8268-4288-8215-BEDB4D69F4A0}.Debug|x64.ActiveCfg = Debug|Any CPU
		{3B151307-8268-4288-8215-BEDB4D69F4A0}.Debug|x64.Build.0 = Debug|Any CPU
		{3B151307-8268-4288-8215-BEDB4D69F4A0}.Debug|x86.ActiveCfg = Debug|Any CPU
		{3B151307-8268-4288-8215-BEDB4D69F4A0}.Debug|x86.Build.0 = Debug|Any CPU
		{3B151307-8268-4288-8215-BEDB4D69F4A0}.Release|Any CPU.ActiveCfg = Release|Any CPU
		{3B151307-8268-4288-8215-BEDB4D69F4A0}.Release|Any CPU.Build.0 = Release|Any CPU
		{3B151307-8268-4288-8215-BEDB4D69F4A0}.Release|ARM.ActiveCfg = Release|Any CPU
		{3B151307-8268-4288-8215-BEDB4D69F4A0}.Release|ARM.Build.0 = Release|Any CPU
		{3B151307-8268-4288-8215-BEDB4D69F4A0}.Release|x64.ActiveCfg = Release|Any CPU
		{3B151307-8268-4288-8215-BEDB4D69F4A0}.Release|x64.Build.0 = Release|Any CPU
		{3B151307-8268-4288-8215-BEDB4D69F4A0}.Release|x86.ActiveCfg = Release|Any CPU
		{3B151307-8268-4288-8215-BEDB4D69F4A0}.Release|x86.Build.0 = Release|Any CPU
		{868EF395-43E7-4E01-9467-99645A9D3C80}.Debug|Any CPU.ActiveCfg = Debug|Any CPU
		{868EF395-43E7-4E01-9467-99645A9D3C80}.Debug|Any CPU.Build.0 = Debug|Any CPU
		{868EF395-43E7-4E01-9467-99645A9D3C80}.Debug|ARM.ActiveCfg = Debug|Any CPU
		{868EF395-43E7-4E01-9467-99645A9D3C80}.Debug|ARM.Build.0 = Debug|Any CPU
		{868EF395-43E7-4E01-9467-99645A9D3C80}.Debug|x64.ActiveCfg = Debug|Any CPU
		{868EF395-43E7-4E01-9467-99645A9D3C80}.Debug|x64.Build.0 = Debug|Any CPU
		{868EF395-43E7-4E01-9467-99645A9D3C80}.Debug|x86.ActiveCfg = Debug|Any CPU
		{868EF395-43E7-4E01-9467-99645A9D3C80}.Debug|x86.Build.0 = Debug|Any CPU
		{868EF395-43E7-4E01-9467-99645A9D3C80}.Release|Any CPU.ActiveCfg = Release|Any CPU
		{868EF395-43E7-4E01-9467-99645A9D3C80}.Release|Any CPU.Build.0 = Release|Any CPU
		{868EF395-43E7-4E01-9467-99645A9D3C80}.Release|ARM.ActiveCfg = Release|Any CPU
		{868EF395-43E7-4E01-9467-99645A9D3C80}.Release|ARM.Build.0 = Release|Any CPU
		{868EF395-43E7-4E01-9467-99645A9D3C80}.Release|x64.ActiveCfg = Release|Any CPU
		{868EF395-43E7-4E01-9467-99645A9D3C80}.Release|x64.Build.0 = Release|Any CPU
		{868EF395-43E7-4E01-9467-99645A9D3C80}.Release|x86.ActiveCfg = Release|Any CPU
		{868EF395-43E7-4E01-9467-99645A9D3C80}.Release|x86.Build.0 = Release|Any CPU
		{FED66659-460F-4961-B5F3-D7459A09280F}.Debug|Any CPU.ActiveCfg = Debug|Any CPU
		{FED66659-460F-4961-B5F3-D7459A09280F}.Debug|Any CPU.Build.0 = Debug|Any CPU
		{FED66659-460F-4961-B5F3-D7459A09280F}.Debug|ARM.ActiveCfg = Debug|Any CPU
		{FED66659-460F-4961-B5F3-D7459A09280F}.Debug|ARM.Build.0 = Debug|Any CPU
		{FED66659-460F-4961-B5F3-D7459A09280F}.Debug|x64.ActiveCfg = Debug|Any CPU
		{FED66659-460F-4961-B5F3-D7459A09280F}.Debug|x64.Build.0 = Debug|Any CPU
		{FED66659-460F-4961-B5F3-D7459A09280F}.Debug|x86.ActiveCfg = Debug|Any CPU
		{FED66659-460F-4961-B5F3-D7459A09280F}.Debug|x86.Build.0 = Debug|Any CPU
		{FED66659-460F-4961-B5F3-D7459A09280F}.Release|Any CPU.ActiveCfg = Release|Any CPU
		{FED66659-460F-4961-B5F3-D7459A09280F}.Release|Any CPU.Build.0 = Release|Any CPU
		{FED66659-460F-4961-B5F3-D7459A09280F}.Release|ARM.ActiveCfg = Release|Any CPU
		{FED66659-460F-4961-B5F3-D7459A09280F}.Release|ARM.Build.0 = Release|Any CPU
		{FED66659-460F-4961-B5F3-D7459A09280F}.Release|x64.ActiveCfg = Release|Any CPU
		{FED66659-460F-4961-B5F3-D7459A09280F}.Release|x64.Build.0 = Release|Any CPU
		{FED66659-460F-4961-B5F3-D7459A09280F}.Release|x86.ActiveCfg = Release|Any CPU
		{FED66659-460F-4961-B5F3-D7459A09280F}.Release|x86.Build.0 = Release|Any CPU
		{4F099F63-0FB3-4527-8487-840F65E664FE}.Debug|Any CPU.ActiveCfg = Debug|Any CPU
		{4F099F63-0FB3-4527-8487-840F65E664FE}.Debug|Any CPU.Build.0 = Debug|Any CPU
		{4F099F63-0FB3-4527-8487-840F65E664FE}.Debug|ARM.ActiveCfg = Debug|Any CPU
		{4F099F63-0FB3-4527-8487-840F65E664FE}.Debug|ARM.Build.0 = Debug|Any CPU
		{4F099F63-0FB3-4527-8487-840F65E664FE}.Debug|x64.ActiveCfg = Debug|Any CPU
		{4F099F63-0FB3-4527-8487-840F65E664FE}.Debug|x64.Build.0 = Debug|Any CPU
		{4F099F63-0FB3-4527-8487-840F65E664FE}.Debug|x86.ActiveCfg = Debug|Any CPU
		{4F099F63-0FB3-4527-8487-840F65E664FE}.Debug|x86.Build.0 = Debug|Any CPU
		{4F099F63-0FB3-4527-8487-840F65E664FE}.Release|Any CPU.ActiveCfg = Release|Any CPU
		{4F099F63-0FB3-4527-8487-840F65E664FE}.Release|Any CPU.Build.0 = Release|Any CPU
		{4F099F63-0FB3-4527-8487-840F65E664FE}.Release|ARM.ActiveCfg = Release|Any CPU
		{4F099F63-0FB3-4527-8487-840F65E664FE}.Release|ARM.Build.0 = Release|Any CPU
		{4F099F63-0FB3-4527-8487-840F65E664FE}.Release|x64.ActiveCfg = Release|Any CPU
		{4F099F63-0FB3-4527-8487-840F65E664FE}.Release|x64.Build.0 = Release|Any CPU
		{4F099F63-0FB3-4527-8487-840F65E664FE}.Release|x86.ActiveCfg = Release|Any CPU
		{4F099F63-0FB3-4527-8487-840F65E664FE}.Release|x86.Build.0 = Release|Any CPU
		{CB2AAF86-95A6-46BD-9101-2A1814BF7E49}.Debug|Any CPU.ActiveCfg = Debug|Any CPU
		{CB2AAF86-95A6-46BD-9101-2A1814BF7E49}.Debug|Any CPU.Build.0 = Debug|Any CPU
		{CB2AAF86-95A6-46BD-9101-2A1814BF7E49}.Debug|ARM.ActiveCfg = Debug|Any CPU
		{CB2AAF86-95A6-46BD-9101-2A1814BF7E49}.Debug|ARM.Build.0 = Debug|Any CPU
		{CB2AAF86-95A6-46BD-9101-2A1814BF7E49}.Debug|x64.ActiveCfg = Debug|Any CPU
		{CB2AAF86-95A6-46BD-9101-2A1814BF7E49}.Debug|x64.Build.0 = Debug|Any CPU
		{CB2AAF86-95A6-46BD-9101-2A1814BF7E49}.Debug|x86.ActiveCfg = Debug|Any CPU
		{CB2AAF86-95A6-46BD-9101-2A1814BF7E49}.Debug|x86.Build.0 = Debug|Any CPU
		{CB2AAF86-95A6-46BD-9101-2A1814BF7E49}.Release|Any CPU.ActiveCfg = Release|Any CPU
		{CB2AAF86-95A6-46BD-9101-2A1814BF7E49}.Release|Any CPU.Build.0 = Release|Any CPU
		{CB2AAF86-95A6-46BD-9101-2A1814BF7E49}.Release|ARM.ActiveCfg = Release|Any CPU
		{CB2AAF86-95A6-46BD-9101-2A1814BF7E49}.Release|ARM.Build.0 = Release|Any CPU
		{CB2AAF86-95A6-46BD-9101-2A1814BF7E49}.Release|x64.ActiveCfg = Release|Any CPU
		{CB2AAF86-95A6-46BD-9101-2A1814BF7E49}.Release|x64.Build.0 = Release|Any CPU
		{CB2AAF86-95A6-46BD-9101-2A1814BF7E49}.Release|x86.ActiveCfg = Release|Any CPU
		{CB2AAF86-95A6-46BD-9101-2A1814BF7E49}.Release|x86.Build.0 = Release|Any CPU
		{E3A81DC1-CAC0-41DC-ACC9-D8DE280BD3F6}.Debug|Any CPU.ActiveCfg = Debug|Any CPU
		{E3A81DC1-CAC0-41DC-ACC9-D8DE280BD3F6}.Debug|Any CPU.Build.0 = Debug|Any CPU
		{E3A81DC1-CAC0-41DC-ACC9-D8DE280BD3F6}.Debug|ARM.ActiveCfg = Debug|Any CPU
		{E3A81DC1-CAC0-41DC-ACC9-D8DE280BD3F6}.Debug|ARM.Build.0 = Debug|Any CPU
		{E3A81DC1-CAC0-41DC-ACC9-D8DE280BD3F6}.Debug|x64.ActiveCfg = Debug|Any CPU
		{E3A81DC1-CAC0-41DC-ACC9-D8DE280BD3F6}.Debug|x64.Build.0 = Debug|Any CPU
		{E3A81DC1-CAC0-41DC-ACC9-D8DE280BD3F6}.Debug|x86.ActiveCfg = Debug|Any CPU
		{E3A81DC1-CAC0-41DC-ACC9-D8DE280BD3F6}.Debug|x86.Build.0 = Debug|Any CPU
		{E3A81DC1-CAC0-41DC-ACC9-D8DE280BD3F6}.Release|Any CPU.ActiveCfg = Release|Any CPU
		{E3A81DC1-CAC0-41DC-ACC9-D8DE280BD3F6}.Release|Any CPU.Build.0 = Release|Any CPU
		{E3A81DC1-CAC0-41DC-ACC9-D8DE280BD3F6}.Release|ARM.ActiveCfg = Release|Any CPU
		{E3A81DC1-CAC0-41DC-ACC9-D8DE280BD3F6}.Release|ARM.Build.0 = Release|Any CPU
		{E3A81DC1-CAC0-41DC-ACC9-D8DE280BD3F6}.Release|x64.ActiveCfg = Release|Any CPU
		{E3A81DC1-CAC0-41DC-ACC9-D8DE280BD3F6}.Release|x64.Build.0 = Release|Any CPU
		{E3A81DC1-CAC0-41DC-ACC9-D8DE280BD3F6}.Release|x86.ActiveCfg = Release|Any CPU
		{E3A81DC1-CAC0-41DC-ACC9-D8DE280BD3F6}.Release|x86.Build.0 = Release|Any CPU
		{8D854394-DD41-4EC3-8BF6-25EB08729EEA}.Debug|Any CPU.ActiveCfg = Debug|Any CPU
		{8D854394-DD41-4EC3-8BF6-25EB08729EEA}.Debug|Any CPU.Build.0 = Debug|Any CPU
		{8D854394-DD41-4EC3-8BF6-25EB08729EEA}.Debug|ARM.ActiveCfg = Debug|Any CPU
		{8D854394-DD41-4EC3-8BF6-25EB08729EEA}.Debug|ARM.Build.0 = Debug|Any CPU
		{8D854394-DD41-4EC3-8BF6-25EB08729EEA}.Debug|x64.ActiveCfg = Debug|Any CPU
		{8D854394-DD41-4EC3-8BF6-25EB08729EEA}.Debug|x64.Build.0 = Debug|Any CPU
		{8D854394-DD41-4EC3-8BF6-25EB08729EEA}.Debug|x86.ActiveCfg = Debug|Any CPU
		{8D854394-DD41-4EC3-8BF6-25EB08729EEA}.Debug|x86.Build.0 = Debug|Any CPU
		{8D854394-DD41-4EC3-8BF6-25EB08729EEA}.Release|Any CPU.ActiveCfg = Release|Any CPU
		{8D854394-DD41-4EC3-8BF6-25EB08729EEA}.Release|Any CPU.Build.0 = Release|Any CPU
		{8D854394-DD41-4EC3-8BF6-25EB08729EEA}.Release|ARM.ActiveCfg = Release|Any CPU
		{8D854394-DD41-4EC3-8BF6-25EB08729EEA}.Release|ARM.Build.0 = Release|Any CPU
		{8D854394-DD41-4EC3-8BF6-25EB08729EEA}.Release|x64.ActiveCfg = Release|Any CPU
		{8D854394-DD41-4EC3-8BF6-25EB08729EEA}.Release|x64.Build.0 = Release|Any CPU
		{8D854394-DD41-4EC3-8BF6-25EB08729EEA}.Release|x86.ActiveCfg = Release|Any CPU
		{8D854394-DD41-4EC3-8BF6-25EB08729EEA}.Release|x86.Build.0 = Release|Any CPU
		{74B8D80D-387E-4659-A713-6BE40D4F8F15}.Debug|Any CPU.ActiveCfg = Debug|Any CPU
		{74B8D80D-387E-4659-A713-6BE40D4F8F15}.Debug|Any CPU.Build.0 = Debug|Any CPU
		{74B8D80D-387E-4659-A713-6BE40D4F8F15}.Debug|ARM.ActiveCfg = Debug|Any CPU
		{74B8D80D-387E-4659-A713-6BE40D4F8F15}.Debug|ARM.Build.0 = Debug|Any CPU
		{74B8D80D-387E-4659-A713-6BE40D4F8F15}.Debug|x64.ActiveCfg = Debug|Any CPU
		{74B8D80D-387E-4659-A713-6BE40D4F8F15}.Debug|x64.Build.0 = Debug|Any CPU
		{74B8D80D-387E-4659-A713-6BE40D4F8F15}.Debug|x86.ActiveCfg = Debug|Any CPU
		{74B8D80D-387E-4659-A713-6BE40D4F8F15}.Debug|x86.Build.0 = Debug|Any CPU
		{74B8D80D-387E-4659-A713-6BE40D4F8F15}.Release|Any CPU.ActiveCfg = Release|Any CPU
		{74B8D80D-387E-4659-A713-6BE40D4F8F15}.Release|Any CPU.Build.0 = Release|Any CPU
		{74B8D80D-387E-4659-A713-6BE40D4F8F15}.Release|ARM.ActiveCfg = Release|Any CPU
		{74B8D80D-387E-4659-A713-6BE40D4F8F15}.Release|ARM.Build.0 = Release|Any CPU
		{74B8D80D-387E-4659-A713-6BE40D4F8F15}.Release|x64.ActiveCfg = Release|Any CPU
		{74B8D80D-387E-4659-A713-6BE40D4F8F15}.Release|x64.Build.0 = Release|Any CPU
		{74B8D80D-387E-4659-A713-6BE40D4F8F15}.Release|x86.ActiveCfg = Release|Any CPU
		{74B8D80D-387E-4659-A713-6BE40D4F8F15}.Release|x86.Build.0 = Release|Any CPU
		{78FFA0AD-A718-4101-8F91-00525A6CC638}.Debug|Any CPU.ActiveCfg = Debug|Any CPU
		{78FFA0AD-A718-4101-8F91-00525A6CC638}.Debug|Any CPU.Build.0 = Debug|Any CPU
		{78FFA0AD-A718-4101-8F91-00525A6CC638}.Debug|ARM.ActiveCfg = Debug|Any CPU
		{78FFA0AD-A718-4101-8F91-00525A6CC638}.Debug|ARM.Build.0 = Debug|Any CPU
		{78FFA0AD-A718-4101-8F91-00525A6CC638}.Debug|x64.ActiveCfg = Debug|Any CPU
		{78FFA0AD-A718-4101-8F91-00525A6CC638}.Debug|x64.Build.0 = Debug|Any CPU
		{78FFA0AD-A718-4101-8F91-00525A6CC638}.Debug|x86.ActiveCfg = Debug|Any CPU
		{78FFA0AD-A718-4101-8F91-00525A6CC638}.Debug|x86.Build.0 = Debug|Any CPU
		{78FFA0AD-A718-4101-8F91-00525A6CC638}.Release|Any CPU.ActiveCfg = Release|Any CPU
		{78FFA0AD-A718-4101-8F91-00525A6CC638}.Release|Any CPU.Build.0 = Release|Any CPU
		{78FFA0AD-A718-4101-8F91-00525A6CC638}.Release|ARM.ActiveCfg = Release|Any CPU
		{78FFA0AD-A718-4101-8F91-00525A6CC638}.Release|ARM.Build.0 = Release|Any CPU
		{78FFA0AD-A718-4101-8F91-00525A6CC638}.Release|x64.ActiveCfg = Release|Any CPU
		{78FFA0AD-A718-4101-8F91-00525A6CC638}.Release|x64.Build.0 = Release|Any CPU
		{78FFA0AD-A718-4101-8F91-00525A6CC638}.Release|x86.ActiveCfg = Release|Any CPU
		{78FFA0AD-A718-4101-8F91-00525A6CC638}.Release|x86.Build.0 = Release|Any CPU
		{72169EF1-7405-4966-AA53-CF46BB9ADA1C}.Debug|Any CPU.ActiveCfg = Debug|Any CPU
		{72169EF1-7405-4966-AA53-CF46BB9ADA1C}.Debug|Any CPU.Build.0 = Debug|Any CPU
		{72169EF1-7405-4966-AA53-CF46BB9ADA1C}.Debug|ARM.ActiveCfg = Debug|Any CPU
		{72169EF1-7405-4966-AA53-CF46BB9ADA1C}.Debug|ARM.Build.0 = Debug|Any CPU
		{72169EF1-7405-4966-AA53-CF46BB9ADA1C}.Debug|x64.ActiveCfg = Debug|Any CPU
		{72169EF1-7405-4966-AA53-CF46BB9ADA1C}.Debug|x64.Build.0 = Debug|Any CPU
		{72169EF1-7405-4966-AA53-CF46BB9ADA1C}.Debug|x86.ActiveCfg = Debug|Any CPU
		{72169EF1-7405-4966-AA53-CF46BB9ADA1C}.Debug|x86.Build.0 = Debug|Any CPU
		{72169EF1-7405-4966-AA53-CF46BB9ADA1C}.Release|Any CPU.ActiveCfg = Release|Any CPU
		{72169EF1-7405-4966-AA53-CF46BB9ADA1C}.Release|Any CPU.Build.0 = Release|Any CPU
		{72169EF1-7405-4966-AA53-CF46BB9ADA1C}.Release|ARM.ActiveCfg = Release|Any CPU
		{72169EF1-7405-4966-AA53-CF46BB9ADA1C}.Release|ARM.Build.0 = Release|Any CPU
		{72169EF1-7405-4966-AA53-CF46BB9ADA1C}.Release|x64.ActiveCfg = Release|Any CPU
		{72169EF1-7405-4966-AA53-CF46BB9ADA1C}.Release|x64.Build.0 = Release|Any CPU
		{72169EF1-7405-4966-AA53-CF46BB9ADA1C}.Release|x86.ActiveCfg = Release|Any CPU
		{72169EF1-7405-4966-AA53-CF46BB9ADA1C}.Release|x86.Build.0 = Release|Any CPU
		{ECCCA22A-A483-49A2-9ED1-8083C7D12577}.Debug|Any CPU.ActiveCfg = Debug|x86
		{ECCCA22A-A483-49A2-9ED1-8083C7D12577}.Debug|Any CPU.Build.0 = Debug|x86
		{ECCCA22A-A483-49A2-9ED1-8083C7D12577}.Debug|Any CPU.Deploy.0 = Debug|x86
		{ECCCA22A-A483-49A2-9ED1-8083C7D12577}.Debug|ARM.ActiveCfg = Debug|ARM
		{ECCCA22A-A483-49A2-9ED1-8083C7D12577}.Debug|ARM.Build.0 = Debug|ARM
		{ECCCA22A-A483-49A2-9ED1-8083C7D12577}.Debug|ARM.Deploy.0 = Debug|ARM
		{ECCCA22A-A483-49A2-9ED1-8083C7D12577}.Debug|x64.ActiveCfg = Debug|x64
		{ECCCA22A-A483-49A2-9ED1-8083C7D12577}.Debug|x64.Build.0 = Debug|x64
		{ECCCA22A-A483-49A2-9ED1-8083C7D12577}.Debug|x64.Deploy.0 = Debug|x64
		{ECCCA22A-A483-49A2-9ED1-8083C7D12577}.Debug|x86.ActiveCfg = Debug|x86
		{ECCCA22A-A483-49A2-9ED1-8083C7D12577}.Debug|x86.Build.0 = Debug|x86
		{ECCCA22A-A483-49A2-9ED1-8083C7D12577}.Debug|x86.Deploy.0 = Debug|x86
		{ECCCA22A-A483-49A2-9ED1-8083C7D12577}.Release|Any CPU.ActiveCfg = Release|x86
		{ECCCA22A-A483-49A2-9ED1-8083C7D12577}.Release|ARM.ActiveCfg = Release|ARM
		{ECCCA22A-A483-49A2-9ED1-8083C7D12577}.Release|ARM.Build.0 = Release|ARM
		{ECCCA22A-A483-49A2-9ED1-8083C7D12577}.Release|ARM.Deploy.0 = Release|ARM
		{ECCCA22A-A483-49A2-9ED1-8083C7D12577}.Release|x64.ActiveCfg = Release|x64
		{ECCCA22A-A483-49A2-9ED1-8083C7D12577}.Release|x64.Build.0 = Release|x64
		{ECCCA22A-A483-49A2-9ED1-8083C7D12577}.Release|x64.Deploy.0 = Release|x64
		{ECCCA22A-A483-49A2-9ED1-8083C7D12577}.Release|x86.ActiveCfg = Release|x86
		{ECCCA22A-A483-49A2-9ED1-8083C7D12577}.Release|x86.Build.0 = Release|x86
		{ECCCA22A-A483-49A2-9ED1-8083C7D12577}.Release|x86.Deploy.0 = Release|x86
		{FBA4A94B-8488-4D7A-A3F2-77903FDB8A6D}.Debug|Any CPU.ActiveCfg = Debug|Any CPU
		{FBA4A94B-8488-4D7A-A3F2-77903FDB8A6D}.Debug|Any CPU.Build.0 = Debug|Any CPU
		{FBA4A94B-8488-4D7A-A3F2-77903FDB8A6D}.Debug|ARM.ActiveCfg = Debug|Any CPU
		{FBA4A94B-8488-4D7A-A3F2-77903FDB8A6D}.Debug|ARM.Build.0 = Debug|Any CPU
		{FBA4A94B-8488-4D7A-A3F2-77903FDB8A6D}.Debug|x64.ActiveCfg = Debug|Any CPU
		{FBA4A94B-8488-4D7A-A3F2-77903FDB8A6D}.Debug|x64.Build.0 = Debug|Any CPU
		{FBA4A94B-8488-4D7A-A3F2-77903FDB8A6D}.Debug|x86.ActiveCfg = Debug|Any CPU
		{FBA4A94B-8488-4D7A-A3F2-77903FDB8A6D}.Debug|x86.Build.0 = Debug|Any CPU
		{FBA4A94B-8488-4D7A-A3F2-77903FDB8A6D}.Release|Any CPU.ActiveCfg = Release|Any CPU
		{FBA4A94B-8488-4D7A-A3F2-77903FDB8A6D}.Release|Any CPU.Build.0 = Release|Any CPU
		{FBA4A94B-8488-4D7A-A3F2-77903FDB8A6D}.Release|ARM.ActiveCfg = Release|Any CPU
		{FBA4A94B-8488-4D7A-A3F2-77903FDB8A6D}.Release|ARM.Build.0 = Release|Any CPU
		{FBA4A94B-8488-4D7A-A3F2-77903FDB8A6D}.Release|x64.ActiveCfg = Release|Any CPU
		{FBA4A94B-8488-4D7A-A3F2-77903FDB8A6D}.Release|x64.Build.0 = Release|Any CPU
		{FBA4A94B-8488-4D7A-A3F2-77903FDB8A6D}.Release|x86.ActiveCfg = Release|Any CPU
		{FBA4A94B-8488-4D7A-A3F2-77903FDB8A6D}.Release|x86.Build.0 = Release|Any CPU
		{0E9A0B3D-05AF-49BD-93CC-33BCB2F22AE5}.Debug|Any CPU.ActiveCfg = Debug|Any CPU
		{0E9A0B3D-05AF-49BD-93CC-33BCB2F22AE5}.Debug|Any CPU.Build.0 = Debug|Any CPU
		{0E9A0B3D-05AF-49BD-93CC-33BCB2F22AE5}.Debug|ARM.ActiveCfg = Debug|Any CPU
		{0E9A0B3D-05AF-49BD-93CC-33BCB2F22AE5}.Debug|ARM.Build.0 = Debug|Any CPU
		{0E9A0B3D-05AF-49BD-93CC-33BCB2F22AE5}.Debug|x64.ActiveCfg = Debug|Any CPU
		{0E9A0B3D-05AF-49BD-93CC-33BCB2F22AE5}.Debug|x64.Build.0 = Debug|Any CPU
		{0E9A0B3D-05AF-49BD-93CC-33BCB2F22AE5}.Debug|x86.ActiveCfg = Debug|Any CPU
		{0E9A0B3D-05AF-49BD-93CC-33BCB2F22AE5}.Debug|x86.Build.0 = Debug|Any CPU
		{0E9A0B3D-05AF-49BD-93CC-33BCB2F22AE5}.Release|Any CPU.ActiveCfg = Release|Any CPU
		{0E9A0B3D-05AF-49BD-93CC-33BCB2F22AE5}.Release|Any CPU.Build.0 = Release|Any CPU
		{0E9A0B3D-05AF-49BD-93CC-33BCB2F22AE5}.Release|ARM.ActiveCfg = Release|Any CPU
		{0E9A0B3D-05AF-49BD-93CC-33BCB2F22AE5}.Release|ARM.Build.0 = Release|Any CPU
		{0E9A0B3D-05AF-49BD-93CC-33BCB2F22AE5}.Release|x64.ActiveCfg = Release|Any CPU
		{0E9A0B3D-05AF-49BD-93CC-33BCB2F22AE5}.Release|x64.Build.0 = Release|Any CPU
		{0E9A0B3D-05AF-49BD-93CC-33BCB2F22AE5}.Release|x86.ActiveCfg = Release|Any CPU
		{0E9A0B3D-05AF-49BD-93CC-33BCB2F22AE5}.Release|x86.Build.0 = Release|Any CPU
		{0639D6A0-15EB-4AA6-AA31-4EBA11881D32}.Debug|Any CPU.ActiveCfg = Debug|Any CPU
		{0639D6A0-15EB-4AA6-AA31-4EBA11881D32}.Debug|Any CPU.Build.0 = Debug|Any CPU
		{0639D6A0-15EB-4AA6-AA31-4EBA11881D32}.Debug|ARM.ActiveCfg = Debug|Any CPU
		{0639D6A0-15EB-4AA6-AA31-4EBA11881D32}.Debug|ARM.Build.0 = Debug|Any CPU
		{0639D6A0-15EB-4AA6-AA31-4EBA11881D32}.Debug|x64.ActiveCfg = Debug|Any CPU
		{0639D6A0-15EB-4AA6-AA31-4EBA11881D32}.Debug|x64.Build.0 = Debug|Any CPU
		{0639D6A0-15EB-4AA6-AA31-4EBA11881D32}.Debug|x86.ActiveCfg = Debug|Any CPU
		{0639D6A0-15EB-4AA6-AA31-4EBA11881D32}.Debug|x86.Build.0 = Debug|Any CPU
		{0639D6A0-15EB-4AA6-AA31-4EBA11881D32}.Release|Any CPU.ActiveCfg = Release|Any CPU
		{0639D6A0-15EB-4AA6-AA31-4EBA11881D32}.Release|Any CPU.Build.0 = Release|Any CPU
		{0639D6A0-15EB-4AA6-AA31-4EBA11881D32}.Release|ARM.ActiveCfg = Release|Any CPU
		{0639D6A0-15EB-4AA6-AA31-4EBA11881D32}.Release|ARM.Build.0 = Release|Any CPU
		{0639D6A0-15EB-4AA6-AA31-4EBA11881D32}.Release|x64.ActiveCfg = Release|Any CPU
		{0639D6A0-15EB-4AA6-AA31-4EBA11881D32}.Release|x64.Build.0 = Release|Any CPU
		{0639D6A0-15EB-4AA6-AA31-4EBA11881D32}.Release|x86.ActiveCfg = Release|Any CPU
		{0639D6A0-15EB-4AA6-AA31-4EBA11881D32}.Release|x86.Build.0 = Release|Any CPU
		{F4628665-A3A1-4F5A-963F-06221FA1689B}.Debug|Any CPU.ActiveCfg = Debug|Any CPU
		{F4628665-A3A1-4F5A-963F-06221FA1689B}.Debug|Any CPU.Build.0 = Debug|Any CPU
		{F4628665-A3A1-4F5A-963F-06221FA1689B}.Debug|ARM.ActiveCfg = Debug|Any CPU
		{F4628665-A3A1-4F5A-963F-06221FA1689B}.Debug|ARM.Build.0 = Debug|Any CPU
		{F4628665-A3A1-4F5A-963F-06221FA1689B}.Debug|x64.ActiveCfg = Debug|Any CPU
		{F4628665-A3A1-4F5A-963F-06221FA1689B}.Debug|x64.Build.0 = Debug|Any CPU
		{F4628665-A3A1-4F5A-963F-06221FA1689B}.Debug|x86.ActiveCfg = Debug|Any CPU
		{F4628665-A3A1-4F5A-963F-06221FA1689B}.Debug|x86.Build.0 = Debug|Any CPU
		{F4628665-A3A1-4F5A-963F-06221FA1689B}.Release|Any CPU.ActiveCfg = Release|Any CPU
		{F4628665-A3A1-4F5A-963F-06221FA1689B}.Release|Any CPU.Build.0 = Release|Any CPU
		{F4628665-A3A1-4F5A-963F-06221FA1689B}.Release|ARM.ActiveCfg = Release|Any CPU
		{F4628665-A3A1-4F5A-963F-06221FA1689B}.Release|ARM.Build.0 = Release|Any CPU
		{F4628665-A3A1-4F5A-963F-06221FA1689B}.Release|x64.ActiveCfg = Release|Any CPU
		{F4628665-A3A1-4F5A-963F-06221FA1689B}.Release|x64.Build.0 = Release|Any CPU
		{F4628665-A3A1-4F5A-963F-06221FA1689B}.Release|x86.ActiveCfg = Release|Any CPU
		{F4628665-A3A1-4F5A-963F-06221FA1689B}.Release|x86.Build.0 = Release|Any CPU
		{7F942A35-F1C1-4E3F-B038-C77293558A11}.Debug|Any CPU.ActiveCfg = Debug|Any CPU
		{7F942A35-F1C1-4E3F-B038-C77293558A11}.Debug|Any CPU.Build.0 = Debug|Any CPU
		{7F942A35-F1C1-4E3F-B038-C77293558A11}.Debug|ARM.ActiveCfg = Debug|Any CPU
		{7F942A35-F1C1-4E3F-B038-C77293558A11}.Debug|ARM.Build.0 = Debug|Any CPU
		{7F942A35-F1C1-4E3F-B038-C77293558A11}.Debug|x64.ActiveCfg = Debug|Any CPU
		{7F942A35-F1C1-4E3F-B038-C77293558A11}.Debug|x64.Build.0 = Debug|Any CPU
		{7F942A35-F1C1-4E3F-B038-C77293558A11}.Debug|x86.ActiveCfg = Debug|Any CPU
		{7F942A35-F1C1-4E3F-B038-C77293558A11}.Debug|x86.Build.0 = Debug|Any CPU
		{7F942A35-F1C1-4E3F-B038-C77293558A11}.Release|Any CPU.ActiveCfg = Release|Any CPU
		{7F942A35-F1C1-4E3F-B038-C77293558A11}.Release|Any CPU.Build.0 = Release|Any CPU
		{7F942A35-F1C1-4E3F-B038-C77293558A11}.Release|ARM.ActiveCfg = Release|Any CPU
		{7F942A35-F1C1-4E3F-B038-C77293558A11}.Release|ARM.Build.0 = Release|Any CPU
		{7F942A35-F1C1-4E3F-B038-C77293558A11}.Release|x64.ActiveCfg = Release|Any CPU
		{7F942A35-F1C1-4E3F-B038-C77293558A11}.Release|x64.Build.0 = Release|Any CPU
		{7F942A35-F1C1-4E3F-B038-C77293558A11}.Release|x86.ActiveCfg = Release|Any CPU
		{7F942A35-F1C1-4E3F-B038-C77293558A11}.Release|x86.Build.0 = Release|Any CPU
		{181716C4-1125-4D4D-B30D-D4376A90BDE0}.Debug|Any CPU.ActiveCfg = Debug|Any CPU
		{181716C4-1125-4D4D-B30D-D4376A90BDE0}.Debug|Any CPU.Build.0 = Debug|Any CPU
		{181716C4-1125-4D4D-B30D-D4376A90BDE0}.Debug|ARM.ActiveCfg = Debug|Any CPU
		{181716C4-1125-4D4D-B30D-D4376A90BDE0}.Debug|ARM.Build.0 = Debug|Any CPU
		{181716C4-1125-4D4D-B30D-D4376A90BDE0}.Debug|x64.ActiveCfg = Debug|Any CPU
		{181716C4-1125-4D4D-B30D-D4376A90BDE0}.Debug|x64.Build.0 = Debug|Any CPU
		{181716C4-1125-4D4D-B30D-D4376A90BDE0}.Debug|x86.ActiveCfg = Debug|Any CPU
		{181716C4-1125-4D4D-B30D-D4376A90BDE0}.Debug|x86.Build.0 = Debug|Any CPU
		{181716C4-1125-4D4D-B30D-D4376A90BDE0}.Release|Any CPU.ActiveCfg = Release|Any CPU
		{181716C4-1125-4D4D-B30D-D4376A90BDE0}.Release|Any CPU.Build.0 = Release|Any CPU
		{181716C4-1125-4D4D-B30D-D4376A90BDE0}.Release|ARM.ActiveCfg = Release|Any CPU
		{181716C4-1125-4D4D-B30D-D4376A90BDE0}.Release|ARM.Build.0 = Release|Any CPU
		{181716C4-1125-4D4D-B30D-D4376A90BDE0}.Release|x64.ActiveCfg = Release|Any CPU
		{181716C4-1125-4D4D-B30D-D4376A90BDE0}.Release|x64.Build.0 = Release|Any CPU
		{181716C4-1125-4D4D-B30D-D4376A90BDE0}.Release|x86.ActiveCfg = Release|Any CPU
		{181716C4-1125-4D4D-B30D-D4376A90BDE0}.Release|x86.Build.0 = Release|Any CPU
		{2E4E02FD-A7F7-4234-9486-085621118FED}.Debug|Any CPU.ActiveCfg = Debug|Any CPU
		{2E4E02FD-A7F7-4234-9486-085621118FED}.Debug|Any CPU.Build.0 = Debug|Any CPU
		{2E4E02FD-A7F7-4234-9486-085621118FED}.Debug|ARM.ActiveCfg = Debug|Any CPU
		{2E4E02FD-A7F7-4234-9486-085621118FED}.Debug|ARM.Build.0 = Debug|Any CPU
		{2E4E02FD-A7F7-4234-9486-085621118FED}.Debug|x64.ActiveCfg = Debug|Any CPU
		{2E4E02FD-A7F7-4234-9486-085621118FED}.Debug|x64.Build.0 = Debug|Any CPU
		{2E4E02FD-A7F7-4234-9486-085621118FED}.Debug|x86.ActiveCfg = Debug|Any CPU
		{2E4E02FD-A7F7-4234-9486-085621118FED}.Debug|x86.Build.0 = Debug|Any CPU
		{2E4E02FD-A7F7-4234-9486-085621118FED}.Release|Any CPU.ActiveCfg = Release|Any CPU
		{2E4E02FD-A7F7-4234-9486-085621118FED}.Release|Any CPU.Build.0 = Release|Any CPU
		{2E4E02FD-A7F7-4234-9486-085621118FED}.Release|ARM.ActiveCfg = Release|Any CPU
		{2E4E02FD-A7F7-4234-9486-085621118FED}.Release|ARM.Build.0 = Release|Any CPU
		{2E4E02FD-A7F7-4234-9486-085621118FED}.Release|x64.ActiveCfg = Release|Any CPU
		{2E4E02FD-A7F7-4234-9486-085621118FED}.Release|x64.Build.0 = Release|Any CPU
		{2E4E02FD-A7F7-4234-9486-085621118FED}.Release|x86.ActiveCfg = Release|Any CPU
		{2E4E02FD-A7F7-4234-9486-085621118FED}.Release|x86.Build.0 = Release|Any CPU
		{91E13920-7AB6-4313-ADD1-2B445710C52A}.Debug|Any CPU.ActiveCfg = Debug|Any CPU
		{91E13920-7AB6-4313-ADD1-2B445710C52A}.Debug|Any CPU.Build.0 = Debug|Any CPU
		{91E13920-7AB6-4313-ADD1-2B445710C52A}.Debug|ARM.ActiveCfg = Debug|Any CPU
		{91E13920-7AB6-4313-ADD1-2B445710C52A}.Debug|ARM.Build.0 = Debug|Any CPU
		{91E13920-7AB6-4313-ADD1-2B445710C52A}.Debug|x64.ActiveCfg = Debug|Any CPU
		{91E13920-7AB6-4313-ADD1-2B445710C52A}.Debug|x64.Build.0 = Debug|Any CPU
		{91E13920-7AB6-4313-ADD1-2B445710C52A}.Debug|x86.ActiveCfg = Debug|Any CPU
		{91E13920-7AB6-4313-ADD1-2B445710C52A}.Debug|x86.Build.0 = Debug|Any CPU
		{91E13920-7AB6-4313-ADD1-2B445710C52A}.Release|Any CPU.ActiveCfg = Release|Any CPU
		{91E13920-7AB6-4313-ADD1-2B445710C52A}.Release|Any CPU.Build.0 = Release|Any CPU
		{91E13920-7AB6-4313-ADD1-2B445710C52A}.Release|ARM.ActiveCfg = Release|Any CPU
		{91E13920-7AB6-4313-ADD1-2B445710C52A}.Release|ARM.Build.0 = Release|Any CPU
		{91E13920-7AB6-4313-ADD1-2B445710C52A}.Release|x64.ActiveCfg = Release|Any CPU
		{91E13920-7AB6-4313-ADD1-2B445710C52A}.Release|x64.Build.0 = Release|Any CPU
		{91E13920-7AB6-4313-ADD1-2B445710C52A}.Release|x86.ActiveCfg = Release|Any CPU
		{91E13920-7AB6-4313-ADD1-2B445710C52A}.Release|x86.Build.0 = Release|Any CPU
		{A56A3A04-207B-419F-A07A-32F598D65FD9}.Debug|Any CPU.ActiveCfg = Debug|Any CPU
		{A56A3A04-207B-419F-A07A-32F598D65FD9}.Debug|Any CPU.Build.0 = Debug|Any CPU
		{A56A3A04-207B-419F-A07A-32F598D65FD9}.Debug|ARM.ActiveCfg = Debug|Any CPU
		{A56A3A04-207B-419F-A07A-32F598D65FD9}.Debug|ARM.Build.0 = Debug|Any CPU
		{A56A3A04-207B-419F-A07A-32F598D65FD9}.Debug|x64.ActiveCfg = Debug|Any CPU
		{A56A3A04-207B-419F-A07A-32F598D65FD9}.Debug|x64.Build.0 = Debug|Any CPU
		{A56A3A04-207B-419F-A07A-32F598D65FD9}.Debug|x86.ActiveCfg = Debug|Any CPU
		{A56A3A04-207B-419F-A07A-32F598D65FD9}.Debug|x86.Build.0 = Debug|Any CPU
		{A56A3A04-207B-419F-A07A-32F598D65FD9}.Release|Any CPU.ActiveCfg = Release|Any CPU
		{A56A3A04-207B-419F-A07A-32F598D65FD9}.Release|Any CPU.Build.0 = Release|Any CPU
		{A56A3A04-207B-419F-A07A-32F598D65FD9}.Release|ARM.ActiveCfg = Release|Any CPU
		{A56A3A04-207B-419F-A07A-32F598D65FD9}.Release|ARM.Build.0 = Release|Any CPU
		{A56A3A04-207B-419F-A07A-32F598D65FD9}.Release|x64.ActiveCfg = Release|Any CPU
		{A56A3A04-207B-419F-A07A-32F598D65FD9}.Release|x64.Build.0 = Release|Any CPU
		{A56A3A04-207B-419F-A07A-32F598D65FD9}.Release|x86.ActiveCfg = Release|Any CPU
		{A56A3A04-207B-419F-A07A-32F598D65FD9}.Release|x86.Build.0 = Release|Any CPU
		{114C1B10-6CB6-4D2A-B354-5AF6593E0A37}.Debug|Any CPU.ActiveCfg = Debug|Any CPU
		{114C1B10-6CB6-4D2A-B354-5AF6593E0A37}.Debug|Any CPU.Build.0 = Debug|Any CPU
		{114C1B10-6CB6-4D2A-B354-5AF6593E0A37}.Debug|ARM.ActiveCfg = Debug|Any CPU
		{114C1B10-6CB6-4D2A-B354-5AF6593E0A37}.Debug|ARM.Build.0 = Debug|Any CPU
		{114C1B10-6CB6-4D2A-B354-5AF6593E0A37}.Debug|x64.ActiveCfg = Debug|Any CPU
		{114C1B10-6CB6-4D2A-B354-5AF6593E0A37}.Debug|x64.Build.0 = Debug|Any CPU
		{114C1B10-6CB6-4D2A-B354-5AF6593E0A37}.Debug|x86.ActiveCfg = Debug|Any CPU
		{114C1B10-6CB6-4D2A-B354-5AF6593E0A37}.Debug|x86.Build.0 = Debug|Any CPU
		{114C1B10-6CB6-4D2A-B354-5AF6593E0A37}.Release|Any CPU.ActiveCfg = Release|Any CPU
		{114C1B10-6CB6-4D2A-B354-5AF6593E0A37}.Release|Any CPU.Build.0 = Release|Any CPU
		{114C1B10-6CB6-4D2A-B354-5AF6593E0A37}.Release|ARM.ActiveCfg = Release|Any CPU
		{114C1B10-6CB6-4D2A-B354-5AF6593E0A37}.Release|ARM.Build.0 = Release|Any CPU
		{114C1B10-6CB6-4D2A-B354-5AF6593E0A37}.Release|x64.ActiveCfg = Release|Any CPU
		{114C1B10-6CB6-4D2A-B354-5AF6593E0A37}.Release|x64.Build.0 = Release|Any CPU
		{114C1B10-6CB6-4D2A-B354-5AF6593E0A37}.Release|x86.ActiveCfg = Release|Any CPU
		{114C1B10-6CB6-4D2A-B354-5AF6593E0A37}.Release|x86.Build.0 = Release|Any CPU
		{47A4C5F8-A24B-457A-9339-401BE25764DB}.Debug|Any CPU.ActiveCfg = Debug|Any CPU
		{47A4C5F8-A24B-457A-9339-401BE25764DB}.Debug|Any CPU.Build.0 = Debug|Any CPU
		{47A4C5F8-A24B-457A-9339-401BE25764DB}.Debug|ARM.ActiveCfg = Debug|Any CPU
		{47A4C5F8-A24B-457A-9339-401BE25764DB}.Debug|ARM.Build.0 = Debug|Any CPU
		{47A4C5F8-A24B-457A-9339-401BE25764DB}.Debug|x64.ActiveCfg = Debug|Any CPU
		{47A4C5F8-A24B-457A-9339-401BE25764DB}.Debug|x64.Build.0 = Debug|Any CPU
		{47A4C5F8-A24B-457A-9339-401BE25764DB}.Debug|x86.ActiveCfg = Debug|Any CPU
		{47A4C5F8-A24B-457A-9339-401BE25764DB}.Debug|x86.Build.0 = Debug|Any CPU
		{47A4C5F8-A24B-457A-9339-401BE25764DB}.Release|Any CPU.ActiveCfg = Release|Any CPU
		{47A4C5F8-A24B-457A-9339-401BE25764DB}.Release|Any CPU.Build.0 = Release|Any CPU
		{47A4C5F8-A24B-457A-9339-401BE25764DB}.Release|ARM.ActiveCfg = Release|Any CPU
		{47A4C5F8-A24B-457A-9339-401BE25764DB}.Release|ARM.Build.0 = Release|Any CPU
		{47A4C5F8-A24B-457A-9339-401BE25764DB}.Release|x64.ActiveCfg = Release|Any CPU
		{47A4C5F8-A24B-457A-9339-401BE25764DB}.Release|x64.Build.0 = Release|Any CPU
		{47A4C5F8-A24B-457A-9339-401BE25764DB}.Release|x86.ActiveCfg = Release|Any CPU
		{47A4C5F8-A24B-457A-9339-401BE25764DB}.Release|x86.Build.0 = Release|Any CPU
		{7B649533-49B4-40F5-81C3-09E26ECF7607}.Debug|Any CPU.ActiveCfg = Debug|Any CPU
		{7B649533-49B4-40F5-81C3-09E26ECF7607}.Debug|Any CPU.Build.0 = Debug|Any CPU
		{7B649533-49B4-40F5-81C3-09E26ECF7607}.Debug|ARM.ActiveCfg = Debug|Any CPU
		{7B649533-49B4-40F5-81C3-09E26ECF7607}.Debug|ARM.Build.0 = Debug|Any CPU
		{7B649533-49B4-40F5-81C3-09E26ECF7607}.Debug|x64.ActiveCfg = Debug|Any CPU
		{7B649533-49B4-40F5-81C3-09E26ECF7607}.Debug|x64.Build.0 = Debug|Any CPU
		{7B649533-49B4-40F5-81C3-09E26ECF7607}.Debug|x86.ActiveCfg = Debug|Any CPU
		{7B649533-49B4-40F5-81C3-09E26ECF7607}.Debug|x86.Build.0 = Debug|Any CPU
		{7B649533-49B4-40F5-81C3-09E26ECF7607}.Release|Any CPU.ActiveCfg = Release|Any CPU
		{7B649533-49B4-40F5-81C3-09E26ECF7607}.Release|Any CPU.Build.0 = Release|Any CPU
		{7B649533-49B4-40F5-81C3-09E26ECF7607}.Release|ARM.ActiveCfg = Release|Any CPU
		{7B649533-49B4-40F5-81C3-09E26ECF7607}.Release|ARM.Build.0 = Release|Any CPU
		{7B649533-49B4-40F5-81C3-09E26ECF7607}.Release|x64.ActiveCfg = Release|Any CPU
		{7B649533-49B4-40F5-81C3-09E26ECF7607}.Release|x64.Build.0 = Release|Any CPU
		{7B649533-49B4-40F5-81C3-09E26ECF7607}.Release|x86.ActiveCfg = Release|Any CPU
		{7B649533-49B4-40F5-81C3-09E26ECF7607}.Release|x86.Build.0 = Release|Any CPU
		{6EFCE426-DA47-4AEF-B121-FBB1C2551F4C}.Debug|Any CPU.ActiveCfg = Debug|Any CPU
		{6EFCE426-DA47-4AEF-B121-FBB1C2551F4C}.Debug|Any CPU.Build.0 = Debug|Any CPU
		{6EFCE426-DA47-4AEF-B121-FBB1C2551F4C}.Debug|ARM.ActiveCfg = Debug|Any CPU
		{6EFCE426-DA47-4AEF-B121-FBB1C2551F4C}.Debug|ARM.Build.0 = Debug|Any CPU
		{6EFCE426-DA47-4AEF-B121-FBB1C2551F4C}.Debug|x64.ActiveCfg = Debug|Any CPU
		{6EFCE426-DA47-4AEF-B121-FBB1C2551F4C}.Debug|x64.Build.0 = Debug|Any CPU
		{6EFCE426-DA47-4AEF-B121-FBB1C2551F4C}.Debug|x86.ActiveCfg = Debug|Any CPU
		{6EFCE426-DA47-4AEF-B121-FBB1C2551F4C}.Debug|x86.Build.0 = Debug|Any CPU
		{6EFCE426-DA47-4AEF-B121-FBB1C2551F4C}.Release|Any CPU.ActiveCfg = Release|Any CPU
		{6EFCE426-DA47-4AEF-B121-FBB1C2551F4C}.Release|Any CPU.Build.0 = Release|Any CPU
		{6EFCE426-DA47-4AEF-B121-FBB1C2551F4C}.Release|ARM.ActiveCfg = Release|Any CPU
		{6EFCE426-DA47-4AEF-B121-FBB1C2551F4C}.Release|ARM.Build.0 = Release|Any CPU
		{6EFCE426-DA47-4AEF-B121-FBB1C2551F4C}.Release|x64.ActiveCfg = Release|Any CPU
		{6EFCE426-DA47-4AEF-B121-FBB1C2551F4C}.Release|x64.Build.0 = Release|Any CPU
		{6EFCE426-DA47-4AEF-B121-FBB1C2551F4C}.Release|x86.ActiveCfg = Release|Any CPU
		{6EFCE426-DA47-4AEF-B121-FBB1C2551F4C}.Release|x86.Build.0 = Release|Any CPU
		{55695932-E90C-42D7-BA21-236ED290F6FD}.Debug|Any CPU.ActiveCfg = Debug
		{55695932-E90C-42D7-BA21-236ED290F6FD}.Debug|ARM.ActiveCfg = Debug
		{55695932-E90C-42D7-BA21-236ED290F6FD}.Debug|x64.ActiveCfg = Debug
		{55695932-E90C-42D7-BA21-236ED290F6FD}.Debug|x86.ActiveCfg = Debug
		{55695932-E90C-42D7-BA21-236ED290F6FD}.Release|Any CPU.ActiveCfg = Release
		{55695932-E90C-42D7-BA21-236ED290F6FD}.Release|ARM.ActiveCfg = Release
		{55695932-E90C-42D7-BA21-236ED290F6FD}.Release|x64.ActiveCfg = Release
		{55695932-E90C-42D7-BA21-236ED290F6FD}.Release|x86.ActiveCfg = Release
		{716AAE3C-CDA4-4211-8D5A-9D27B0FDB92F}.Debug|Any CPU.ActiveCfg = Debug|Any CPU
		{716AAE3C-CDA4-4211-8D5A-9D27B0FDB92F}.Debug|Any CPU.Build.0 = Debug|Any CPU
		{716AAE3C-CDA4-4211-8D5A-9D27B0FDB92F}.Debug|ARM.ActiveCfg = Debug|Any CPU
		{716AAE3C-CDA4-4211-8D5A-9D27B0FDB92F}.Debug|ARM.Build.0 = Debug|Any CPU
		{716AAE3C-CDA4-4211-8D5A-9D27B0FDB92F}.Debug|x64.ActiveCfg = Debug|Any CPU
		{716AAE3C-CDA4-4211-8D5A-9D27B0FDB92F}.Debug|x64.Build.0 = Debug|Any CPU
		{716AAE3C-CDA4-4211-8D5A-9D27B0FDB92F}.Debug|x86.ActiveCfg = Debug|Any CPU
		{716AAE3C-CDA4-4211-8D5A-9D27B0FDB92F}.Debug|x86.Build.0 = Debug|Any CPU
		{716AAE3C-CDA4-4211-8D5A-9D27B0FDB92F}.Release|Any CPU.ActiveCfg = Release|Any CPU
		{716AAE3C-CDA4-4211-8D5A-9D27B0FDB92F}.Release|Any CPU.Build.0 = Release|Any CPU
		{716AAE3C-CDA4-4211-8D5A-9D27B0FDB92F}.Release|ARM.ActiveCfg = Release|Any CPU
		{716AAE3C-CDA4-4211-8D5A-9D27B0FDB92F}.Release|ARM.Build.0 = Release|Any CPU
		{716AAE3C-CDA4-4211-8D5A-9D27B0FDB92F}.Release|x64.ActiveCfg = Release|Any CPU
		{716AAE3C-CDA4-4211-8D5A-9D27B0FDB92F}.Release|x64.Build.0 = Release|Any CPU
		{716AAE3C-CDA4-4211-8D5A-9D27B0FDB92F}.Release|x86.ActiveCfg = Release|Any CPU
		{716AAE3C-CDA4-4211-8D5A-9D27B0FDB92F}.Release|x86.Build.0 = Release|Any CPU
		{77048AC5-67C2-4369-8882-EA611A98F33C}.Debug|Any CPU.ActiveCfg = Debug|Any CPU
		{77048AC5-67C2-4369-8882-EA611A98F33C}.Debug|Any CPU.Build.0 = Debug|Any CPU
		{77048AC5-67C2-4369-8882-EA611A98F33C}.Debug|ARM.ActiveCfg = Debug|Any CPU
		{77048AC5-67C2-4369-8882-EA611A98F33C}.Debug|ARM.Build.0 = Debug|Any CPU
		{77048AC5-67C2-4369-8882-EA611A98F33C}.Debug|x64.ActiveCfg = Debug|Any CPU
		{77048AC5-67C2-4369-8882-EA611A98F33C}.Debug|x64.Build.0 = Debug|Any CPU
		{77048AC5-67C2-4369-8882-EA611A98F33C}.Debug|x86.ActiveCfg = Debug|Any CPU
		{77048AC5-67C2-4369-8882-EA611A98F33C}.Debug|x86.Build.0 = Debug|Any CPU
		{77048AC5-67C2-4369-8882-EA611A98F33C}.Release|Any CPU.ActiveCfg = Release|Any CPU
		{77048AC5-67C2-4369-8882-EA611A98F33C}.Release|Any CPU.Build.0 = Release|Any CPU
		{77048AC5-67C2-4369-8882-EA611A98F33C}.Release|ARM.ActiveCfg = Release|Any CPU
		{77048AC5-67C2-4369-8882-EA611A98F33C}.Release|ARM.Build.0 = Release|Any CPU
		{77048AC5-67C2-4369-8882-EA611A98F33C}.Release|x64.ActiveCfg = Release|Any CPU
		{77048AC5-67C2-4369-8882-EA611A98F33C}.Release|x64.Build.0 = Release|Any CPU
		{77048AC5-67C2-4369-8882-EA611A98F33C}.Release|x86.ActiveCfg = Release|Any CPU
		{77048AC5-67C2-4369-8882-EA611A98F33C}.Release|x86.Build.0 = Release|Any CPU
		{99F6699E-E877-49FB-8E24-1E3EDF63542D}.Debug|Any CPU.ActiveCfg = Debug|Any CPU
		{99F6699E-E877-49FB-8E24-1E3EDF63542D}.Debug|Any CPU.Build.0 = Debug|Any CPU
		{99F6699E-E877-49FB-8E24-1E3EDF63542D}.Debug|ARM.ActiveCfg = Debug|Any CPU
		{99F6699E-E877-49FB-8E24-1E3EDF63542D}.Debug|ARM.Build.0 = Debug|Any CPU
		{99F6699E-E877-49FB-8E24-1E3EDF63542D}.Debug|x64.ActiveCfg = Debug|Any CPU
		{99F6699E-E877-49FB-8E24-1E3EDF63542D}.Debug|x64.Build.0 = Debug|Any CPU
		{99F6699E-E877-49FB-8E24-1E3EDF63542D}.Debug|x86.ActiveCfg = Debug|Any CPU
		{99F6699E-E877-49FB-8E24-1E3EDF63542D}.Debug|x86.Build.0 = Debug|Any CPU
		{99F6699E-E877-49FB-8E24-1E3EDF63542D}.Release|Any CPU.ActiveCfg = Release|Any CPU
		{99F6699E-E877-49FB-8E24-1E3EDF63542D}.Release|Any CPU.Build.0 = Release|Any CPU
		{99F6699E-E877-49FB-8E24-1E3EDF63542D}.Release|ARM.ActiveCfg = Release|Any CPU
		{99F6699E-E877-49FB-8E24-1E3EDF63542D}.Release|ARM.Build.0 = Release|Any CPU
		{99F6699E-E877-49FB-8E24-1E3EDF63542D}.Release|x64.ActiveCfg = Release|Any CPU
		{99F6699E-E877-49FB-8E24-1E3EDF63542D}.Release|x64.Build.0 = Release|Any CPU
		{99F6699E-E877-49FB-8E24-1E3EDF63542D}.Release|x86.ActiveCfg = Release|Any CPU
		{99F6699E-E877-49FB-8E24-1E3EDF63542D}.Release|x86.Build.0 = Release|Any CPU
		{5F54544F-732D-4D79-9AF3-009F198DBF35}.Debug|Any CPU.ActiveCfg = Debug|Any CPU
		{5F54544F-732D-4D79-9AF3-009F198DBF35}.Debug|Any CPU.Build.0 = Debug|Any CPU
		{5F54544F-732D-4D79-9AF3-009F198DBF35}.Debug|ARM.ActiveCfg = Debug|Any CPU
		{5F54544F-732D-4D79-9AF3-009F198DBF35}.Debug|ARM.Build.0 = Debug|Any CPU
		{5F54544F-732D-4D79-9AF3-009F198DBF35}.Debug|x64.ActiveCfg = Debug|Any CPU
		{5F54544F-732D-4D79-9AF3-009F198DBF35}.Debug|x64.Build.0 = Debug|Any CPU
		{5F54544F-732D-4D79-9AF3-009F198DBF35}.Debug|x86.ActiveCfg = Debug|Any CPU
		{5F54544F-732D-4D79-9AF3-009F198DBF35}.Debug|x86.Build.0 = Debug|Any CPU
		{5F54544F-732D-4D79-9AF3-009F198DBF35}.Release|Any CPU.ActiveCfg = Release|Any CPU
		{5F54544F-732D-4D79-9AF3-009F198DBF35}.Release|Any CPU.Build.0 = Release|Any CPU
		{5F54544F-732D-4D79-9AF3-009F198DBF35}.Release|ARM.ActiveCfg = Release|Any CPU
		{5F54544F-732D-4D79-9AF3-009F198DBF35}.Release|ARM.Build.0 = Release|Any CPU
		{5F54544F-732D-4D79-9AF3-009F198DBF35}.Release|x64.ActiveCfg = Release|Any CPU
		{5F54544F-732D-4D79-9AF3-009F198DBF35}.Release|x64.Build.0 = Release|Any CPU
		{5F54544F-732D-4D79-9AF3-009F198DBF35}.Release|x86.ActiveCfg = Release|Any CPU
		{5F54544F-732D-4D79-9AF3-009F198DBF35}.Release|x86.Build.0 = Release|Any CPU
		{AEF0A491-72FA-478B-B9B2-8D1DA2F9B3AD}.Debug|Any CPU.ActiveCfg = Debug|Any CPU
		{AEF0A491-72FA-478B-B9B2-8D1DA2F9B3AD}.Debug|Any CPU.Build.0 = Debug|Any CPU
		{AEF0A491-72FA-478B-B9B2-8D1DA2F9B3AD}.Debug|ARM.ActiveCfg = Debug|Any CPU
		{AEF0A491-72FA-478B-B9B2-8D1DA2F9B3AD}.Debug|ARM.Build.0 = Debug|Any CPU
		{AEF0A491-72FA-478B-B9B2-8D1DA2F9B3AD}.Debug|x64.ActiveCfg = Debug|Any CPU
		{AEF0A491-72FA-478B-B9B2-8D1DA2F9B3AD}.Debug|x64.Build.0 = Debug|Any CPU
		{AEF0A491-72FA-478B-B9B2-8D1DA2F9B3AD}.Debug|x86.ActiveCfg = Debug|Any CPU
		{AEF0A491-72FA-478B-B9B2-8D1DA2F9B3AD}.Debug|x86.Build.0 = Debug|Any CPU
		{AEF0A491-72FA-478B-B9B2-8D1DA2F9B3AD}.Release|Any CPU.ActiveCfg = Release|Any CPU
		{AEF0A491-72FA-478B-B9B2-8D1DA2F9B3AD}.Release|Any CPU.Build.0 = Release|Any CPU
		{AEF0A491-72FA-478B-B9B2-8D1DA2F9B3AD}.Release|ARM.ActiveCfg = Release|Any CPU
		{AEF0A491-72FA-478B-B9B2-8D1DA2F9B3AD}.Release|ARM.Build.0 = Release|Any CPU
		{AEF0A491-72FA-478B-B9B2-8D1DA2F9B3AD}.Release|x64.ActiveCfg = Release|Any CPU
		{AEF0A491-72FA-478B-B9B2-8D1DA2F9B3AD}.Release|x64.Build.0 = Release|Any CPU
		{AEF0A491-72FA-478B-B9B2-8D1DA2F9B3AD}.Release|x86.ActiveCfg = Release|Any CPU
		{AEF0A491-72FA-478B-B9B2-8D1DA2F9B3AD}.Release|x86.Build.0 = Release|Any CPU
		{8528534C-BD4C-4D59-B6CC-5418AE05E724}.Debug|Any CPU.ActiveCfg = Debug|Any CPU
		{8528534C-BD4C-4D59-B6CC-5418AE05E724}.Debug|Any CPU.Build.0 = Debug|Any CPU
		{8528534C-BD4C-4D59-B6CC-5418AE05E724}.Debug|ARM.ActiveCfg = Debug|Any CPU
		{8528534C-BD4C-4D59-B6CC-5418AE05E724}.Debug|ARM.Build.0 = Debug|Any CPU
		{8528534C-BD4C-4D59-B6CC-5418AE05E724}.Debug|x64.ActiveCfg = Debug|Any CPU
		{8528534C-BD4C-4D59-B6CC-5418AE05E724}.Debug|x64.Build.0 = Debug|Any CPU
		{8528534C-BD4C-4D59-B6CC-5418AE05E724}.Debug|x86.ActiveCfg = Debug|Any CPU
		{8528534C-BD4C-4D59-B6CC-5418AE05E724}.Debug|x86.Build.0 = Debug|Any CPU
		{8528534C-BD4C-4D59-B6CC-5418AE05E724}.Release|Any CPU.ActiveCfg = Release|Any CPU
		{8528534C-BD4C-4D59-B6CC-5418AE05E724}.Release|Any CPU.Build.0 = Release|Any CPU
		{8528534C-BD4C-4D59-B6CC-5418AE05E724}.Release|ARM.ActiveCfg = Release|Any CPU
		{8528534C-BD4C-4D59-B6CC-5418AE05E724}.Release|ARM.Build.0 = Release|Any CPU
		{8528534C-BD4C-4D59-B6CC-5418AE05E724}.Release|x64.ActiveCfg = Release|Any CPU
		{8528534C-BD4C-4D59-B6CC-5418AE05E724}.Release|x64.Build.0 = Release|Any CPU
		{8528534C-BD4C-4D59-B6CC-5418AE05E724}.Release|x86.ActiveCfg = Release|Any CPU
		{8528534C-BD4C-4D59-B6CC-5418AE05E724}.Release|x86.Build.0 = Release|Any CPU
		{A7A59293-5B67-4373-A9B3-E023661B46DC}.Debug|Any CPU.ActiveCfg = Debug|Any CPU
		{A7A59293-5B67-4373-A9B3-E023661B46DC}.Debug|Any CPU.Build.0 = Debug|Any CPU
		{A7A59293-5B67-4373-A9B3-E023661B46DC}.Debug|ARM.ActiveCfg = Debug|Any CPU
		{A7A59293-5B67-4373-A9B3-E023661B46DC}.Debug|ARM.Build.0 = Debug|Any CPU
		{A7A59293-5B67-4373-A9B3-E023661B46DC}.Debug|x64.ActiveCfg = Debug|Any CPU
		{A7A59293-5B67-4373-A9B3-E023661B46DC}.Debug|x64.Build.0 = Debug|Any CPU
		{A7A59293-5B67-4373-A9B3-E023661B46DC}.Debug|x86.ActiveCfg = Debug|Any CPU
		{A7A59293-5B67-4373-A9B3-E023661B46DC}.Debug|x86.Build.0 = Debug|Any CPU
		{A7A59293-5B67-4373-A9B3-E023661B46DC}.Release|Any CPU.ActiveCfg = Release|Any CPU
		{A7A59293-5B67-4373-A9B3-E023661B46DC}.Release|Any CPU.Build.0 = Release|Any CPU
		{A7A59293-5B67-4373-A9B3-E023661B46DC}.Release|ARM.ActiveCfg = Release|Any CPU
		{A7A59293-5B67-4373-A9B3-E023661B46DC}.Release|ARM.Build.0 = Release|Any CPU
		{A7A59293-5B67-4373-A9B3-E023661B46DC}.Release|x64.ActiveCfg = Release|Any CPU
		{A7A59293-5B67-4373-A9B3-E023661B46DC}.Release|x64.Build.0 = Release|Any CPU
		{A7A59293-5B67-4373-A9B3-E023661B46DC}.Release|x86.ActiveCfg = Release|Any CPU
		{A7A59293-5B67-4373-A9B3-E023661B46DC}.Release|x86.Build.0 = Release|Any CPU
		{C76947FB-530A-400F-8E5B-01D6196BAA7E}.Debug|Any CPU.ActiveCfg = Debug|Any CPU
		{C76947FB-530A-400F-8E5B-01D6196BAA7E}.Debug|Any CPU.Build.0 = Debug|Any CPU
		{C76947FB-530A-400F-8E5B-01D6196BAA7E}.Debug|ARM.ActiveCfg = Debug|Any CPU
		{C76947FB-530A-400F-8E5B-01D6196BAA7E}.Debug|ARM.Build.0 = Debug|Any CPU
		{C76947FB-530A-400F-8E5B-01D6196BAA7E}.Debug|x64.ActiveCfg = Debug|Any CPU
		{C76947FB-530A-400F-8E5B-01D6196BAA7E}.Debug|x64.Build.0 = Debug|Any CPU
		{C76947FB-530A-400F-8E5B-01D6196BAA7E}.Debug|x86.ActiveCfg = Debug|Any CPU
		{C76947FB-530A-400F-8E5B-01D6196BAA7E}.Debug|x86.Build.0 = Debug|Any CPU
		{C76947FB-530A-400F-8E5B-01D6196BAA7E}.Release|Any CPU.ActiveCfg = Release|Any CPU
		{C76947FB-530A-400F-8E5B-01D6196BAA7E}.Release|Any CPU.Build.0 = Release|Any CPU
		{C76947FB-530A-400F-8E5B-01D6196BAA7E}.Release|ARM.ActiveCfg = Release|Any CPU
		{C76947FB-530A-400F-8E5B-01D6196BAA7E}.Release|ARM.Build.0 = Release|Any CPU
		{C76947FB-530A-400F-8E5B-01D6196BAA7E}.Release|x64.ActiveCfg = Release|Any CPU
		{C76947FB-530A-400F-8E5B-01D6196BAA7E}.Release|x64.Build.0 = Release|Any CPU
		{C76947FB-530A-400F-8E5B-01D6196BAA7E}.Release|x86.ActiveCfg = Release|Any CPU
		{C76947FB-530A-400F-8E5B-01D6196BAA7E}.Release|x86.Build.0 = Release|Any CPU
	EndGlobalSection
	GlobalSection(SolutionProperties) = preSolution
		HideSolutionNode = FALSE
	EndGlobalSection
	GlobalSection(NestedProjects) = preSolution
		{77B1AB7C-9F3F-4702-B6DA-B8ED6E3FF07A} = {F8BD6D59-4B2C-404F-B40A-C0D86640C53C}
		{E95A011D-5D50-43B2-B5A3-72C12C9AD3A5} = {F8BD6D59-4B2C-404F-B40A-C0D86640C53C}
		{66620B5B-DF5F-4F2B-9F89-AC9D876CD979} = {F8BD6D59-4B2C-404F-B40A-C0D86640C53C}
		{89CF1612-B7CB-41E2-AAFA-0C796CC401F5} = {F8BD6D59-4B2C-404F-B40A-C0D86640C53C}
		{43C84676-0D3D-4ECB-AA43-4D00417F1917} = {F8BD6D59-4B2C-404F-B40A-C0D86640C53C}
		{06102268-EEE4-43F7-A9E4-784CBF949B7C} = {F8BD6D59-4B2C-404F-B40A-C0D86640C53C}
		{B57F1D66-F3DB-490D-813B-CD898EBE982C} = {F8BD6D59-4B2C-404F-B40A-C0D86640C53C}
		{A7315A1D-D92B-416A-BEB3-0D4754DF217D} = {F8BD6D59-4B2C-404F-B40A-C0D86640C53C}
		{F5F56E9D-F125-4466-892A-BA83EBF2E9AA} = {F8BD6D59-4B2C-404F-B40A-C0D86640C53C}
		{0722C994-BE22-49D1-8B89-FC0F7524F8D0} = {F8BD6D59-4B2C-404F-B40A-C0D86640C53C}
		{B5D66CF8-10B1-4ED0-82F4-A920149CA818} = {F8BD6D59-4B2C-404F-B40A-C0D86640C53C}
		{AF45A267-5A4C-4B8C-A409-1073A5BB9F5A} = {F8BD6D59-4B2C-404F-B40A-C0D86640C53C}
		{3B151307-8268-4288-8215-BEDB4D69F4A0} = {F8BD6D59-4B2C-404F-B40A-C0D86640C53C}
		{868EF395-43E7-4E01-9467-99645A9D3C80} = {F8BD6D59-4B2C-404F-B40A-C0D86640C53C}
		{FED66659-460F-4961-B5F3-D7459A09280F} = {F8BD6D59-4B2C-404F-B40A-C0D86640C53C}
		{4F099F63-0FB3-4527-8487-840F65E664FE} = {F8BD6D59-4B2C-404F-B40A-C0D86640C53C}
		{CB2AAF86-95A6-46BD-9101-2A1814BF7E49} = {F8BD6D59-4B2C-404F-B40A-C0D86640C53C}
		{E3A81DC1-CAC0-41DC-ACC9-D8DE280BD3F6} = {F8BD6D59-4B2C-404F-B40A-C0D86640C53C}
		{8D854394-DD41-4EC3-8BF6-25EB08729EEA} = {F8BD6D59-4B2C-404F-B40A-C0D86640C53C}
		{74B8D80D-387E-4659-A713-6BE40D4F8F15} = {F8BD6D59-4B2C-404F-B40A-C0D86640C53C}
		{78FFA0AD-A718-4101-8F91-00525A6CC638} = {F8BD6D59-4B2C-404F-B40A-C0D86640C53C}
		{72169EF1-7405-4966-AA53-CF46BB9ADA1C} = {F8BD6D59-4B2C-404F-B40A-C0D86640C53C}
		{ECCCA22A-A483-49A2-9ED1-8083C7D12577} = {08B1BDAD-E6BF-4535-8758-12BEE564D99C}
		{FBA4A94B-8488-4D7A-A3F2-77903FDB8A6D} = {2670B09E-680E-4095-A3D5-4F16539E4C55}
		{0E9A0B3D-05AF-49BD-93CC-33BCB2F22AE5} = {F8BD6D59-4B2C-404F-B40A-C0D86640C53C}
		{0639D6A0-15EB-4AA6-AA31-4EBA11881D32} = {717382B5-A071-4D97-8994-9A9E7C6D2A6E}
		{F4628665-A3A1-4F5A-963F-06221FA1689B} = {717382B5-A071-4D97-8994-9A9E7C6D2A6E}
		{7F942A35-F1C1-4E3F-B038-C77293558A11} = {F8BD6D59-4B2C-404F-B40A-C0D86640C53C}
		{181716C4-1125-4D4D-B30D-D4376A90BDE0} = {F8BD6D59-4B2C-404F-B40A-C0D86640C53C}
		{47A4C5F8-A24B-457A-9339-401BE25764DB} = {3809FBD0-40F8-4D79-8D97-953CA2B68BF2}
		{7B649533-49B4-40F5-81C3-09E26ECF7607} = {3809FBD0-40F8-4D79-8D97-953CA2B68BF2}
		{6EFCE426-DA47-4AEF-B121-FBB1C2551F4C} = {3809FBD0-40F8-4D79-8D97-953CA2B68BF2}
		{55695932-E90C-42D7-BA21-236ED290F6FD} = {DE91EEE9-1F75-40EA-AF6F-523DC4071FA1}
		{716AAE3C-CDA4-4211-8D5A-9D27B0FDB92F} = {DE91EEE9-1F75-40EA-AF6F-523DC4071FA1}
		{77048AC5-67C2-4369-8882-EA611A98F33C} = {73B77B22-3C31-4BB9-9EEB-0BA16304213D}
		{99F6699E-E877-49FB-8E24-1E3EDF63542D} = {73B77B22-3C31-4BB9-9EEB-0BA16304213D}
		{5F54544F-732D-4D79-9AF3-009F198DBF35} = {73B77B22-3C31-4BB9-9EEB-0BA16304213D}
		{AEF0A491-72FA-478B-B9B2-8D1DA2F9B3AD} = {73B77B22-3C31-4BB9-9EEB-0BA16304213D}
		{8528534C-BD4C-4D59-B6CC-5418AE05E724} = {A112AEBB-D6A1-435D-B80D-886C2AD0395E}
		{A7A59293-5B67-4373-A9B3-E023661B46DC} = {CE42B496-7414-450F-8674-6D0753427EEE}
		{C76947FB-530A-400F-8E5B-01D6196BAA7E} = {625CCFFD-176D-4DF0-880E-398732E2E2F1}
	EndGlobalSection
	GlobalSection(ExtensibilityGlobals) = postSolution
		SolutionGuid = {5E0AC723-707F-40E7-BEBB-8BAEE88F59E7}
	EndGlobalSection
EndGlobal
